<?xml version="1.0" encoding="utf-8"?>
<Project ToolsVersion="4.0" xmlns="http://schemas.microsoft.com/developer/msbuild/2003">
  <ItemGroup>
    <Filter Include="win32">
      <UniqueIdentifier>{84a8ebd7-7cf0-47f6-b75e-d441df67da40}</UniqueIdentifier>
    </Filter>
    <Filter Include="Classes">
      <UniqueIdentifier>{bb6c862e-70e9-49d9-81b7-3829a6f50471}</UniqueIdentifier>
    </Filter>
    <Filter Include="resource">
      <UniqueIdentifier>{715254bc-d70b-4ec5-bf29-467dd3ace079}</UniqueIdentifier>
    </Filter>
    <Filter Include="lib">
      <UniqueIdentifier>{1d38c7c3-7c4c-4aba-ba4d-f4338ba456c5}</UniqueIdentifier>
    </Filter>
    <Filter Include="lib\rapidXml">
      <UniqueIdentifier>{2b689948-c204-4afd-adcf-a466a5990fa9}</UniqueIdentifier>
    </Filter>
    <Filter Include="lib\CocosBase">
      <UniqueIdentifier>{2bf1d394-7da0-4512-89f3-548d55610498}</UniqueIdentifier>
    </Filter>
    <Filter Include="Classes\scene">
      <UniqueIdentifier>{86971215-07a9-4e91-a147-44429a6d04cb}</UniqueIdentifier>
    </Filter>
    <Filter Include="Classes\scene\Welcome">
      <UniqueIdentifier>{68618b24-689e-49b7-b753-ee3aa39ae572}</UniqueIdentifier>
    </Filter>
    <Filter Include="Classes\scene\Main">
      <UniqueIdentifier>{970432ac-7c19-4487-86f2-0932e9bdb447}</UniqueIdentifier>
    </Filter>
    <Filter Include="Classes\scene\Main\dialog">
      <UniqueIdentifier>{2140a154-fb1c-4216-8ccd-1682a7a6c6f6}</UniqueIdentifier>
    </Filter>
    <Filter Include="Classes\scene\Main\helper">
      <UniqueIdentifier>{ff4de2a4-7a60-4d90-8409-270cdfa638e2}</UniqueIdentifier>
    </Filter>
    <Filter Include="Classes\module">
      <UniqueIdentifier>{067ed81f-a8ff-4328-a57e-9304e2ab7bbe}</UniqueIdentifier>
    </Filter>
    <Filter Include="Classes\scene\Store">
      <UniqueIdentifier>{329b36c2-90ae-4042-a4c3-37739e25ce64}</UniqueIdentifier>
    </Filter>
    <Filter Include="Classes\scene\Store\dialog">
      <UniqueIdentifier>{8ba496c9-7f6e-4812-a8ff-cfc77d2bf471}</UniqueIdentifier>
    </Filter>
    <Filter Include="Classes\scene\Store\helper">
      <UniqueIdentifier>{0014ffed-c2af-43f1-a589-1c53e1280f19}</UniqueIdentifier>
    </Filter>
    <Filter Include="Classes\scene\ShowPhone">
      <UniqueIdentifier>{42073ee9-8e4c-4c18-baef-e9f531a7a4f8}</UniqueIdentifier>
    </Filter>
    <Filter Include="Classes\scene\Bag">
      <UniqueIdentifier>{f59ddd1d-fb69-471c-8873-3b6e1e37d6dd}</UniqueIdentifier>
    </Filter>
    <Filter Include="lib\tui">
      <UniqueIdentifier>{ec9f8412-fbb1-45ba-aa10-bb2cccc9993a}</UniqueIdentifier>
    </Filter>
    <Filter Include="lib\tui\tagMap">
      <UniqueIdentifier>{12efda95-0108-49e7-a028-36d3e1e9714b}</UniqueIdentifier>
    </Filter>
    <Filter Include="lib\CocosWidget">
      <UniqueIdentifier>{b9c9b7e9-5295-43d6-a12c-aa574bbc6e58}</UniqueIdentifier>
    </Filter>
    <Filter Include="Classes\scene\Recombine">
      <UniqueIdentifier>{edbc143e-adea-452b-95d1-329d0a1176e4}</UniqueIdentifier>
    </Filter>
    <Filter Include="lib\CocosNet">
      <UniqueIdentifier>{be68032d-d2a1-4222-8148-938a3111dde3}</UniqueIdentifier>
    </Filter>
    <Filter Include="lib\Dragonbones">
      <UniqueIdentifier>{9ed27291-9ba0-4676-96eb-4c8078ab2327}</UniqueIdentifier>
    </Filter>
  </ItemGroup>
  <ItemGroup>
    <ClCompile Include="main.cpp">
      <Filter>win32</Filter>
    </ClCompile>
    <ClCompile Include="..\Classes\AppDelegate.cpp">
      <Filter>Classes</Filter>
    </ClCompile>
    <ClCompile Include="..\..\CocosBase\CCMsgDelegate.cpp">
      <Filter>lib\CocosBase</Filter>
    </ClCompile>
    <ClCompile Include="..\..\CocosBase\CCMsgManager.cpp">
      <Filter>lib\CocosBase</Filter>
    </ClCompile>
    <ClCompile Include="..\..\CocosBase\CCSceneExtension.cpp">
      <Filter>lib\CocosBase</Filter>
    </ClCompile>
    <ClCompile Include="..\..\CocosBase\CCSceneExTransition.cpp">
      <Filter>lib\CocosBase</Filter>
    </ClCompile>
    <ClCompile Include="..\..\CocosBase\CCSceneManager.cpp">
      <Filter>lib\CocosBase</Filter>
    </ClCompile>
    <ClCompile Include="..\..\CocosBase\CCBundle.cpp">
      <Filter>lib\CocosBase</Filter>
    </ClCompile>
    <ClCompile Include="..\Classes\scene\Welcome\Welcomeui.cpp">
      <Filter>Classes\scene\Welcome</Filter>
    </ClCompile>
    <ClCompile Include="..\Classes\scene\Main\Mainui.cpp">
      <Filter>Classes\scene\Main</Filter>
    </ClCompile>
    <ClCompile Include="..\Classes\module\ResoureMgr.cpp">
      <Filter>Classes\module</Filter>
    </ClCompile>
    <ClCompile Include="..\Classes\scene\Store\Storeui.cpp">
      <Filter>Classes\scene\Store</Filter>
    </ClCompile>
    <ClCompile Include="..\Classes\scene\ShowPhone\ShowPhoneui.cpp">
      <Filter>Classes\scene\ShowPhone</Filter>
    </ClCompile>
    <ClCompile Include="..\Classes\scene\Bag\Bagui.cpp">
      <Filter>Classes\scene\Bag</Filter>
    </ClCompile>
    <ClCompile Include="..\Classes\scene\Main\dialog\MsgBox.cpp">
      <Filter>Classes\scene\Main\dialog</Filter>
    </ClCompile>
    <ClCompile Include="..\Classes\tui\TuiManager.cpp">
      <Filter>lib\tui</Filter>
    </ClCompile>
    <ClCompile Include="..\Classes\tui\TuiBase.cpp">
      <Filter>lib\tui</Filter>
    </ClCompile>
    <ClCompile Include="..\..\CocosWidget\CircleMenu.cpp">
      <Filter>lib\CocosWidget</Filter>
    </ClCompile>
    <ClCompile Include="..\..\CocosWidget\ColorView.cpp">
      <Filter>lib\CocosWidget</Filter>
    </ClCompile>
    <ClCompile Include="..\..\CocosWidget\ControlView.cpp">
      <Filter>lib\CocosWidget</Filter>
    </ClCompile>
    <ClCompile Include="..\..\CocosWidget\ExpandableListView.cpp">
      <Filter>lib\CocosWidget</Filter>
    </ClCompile>
    <ClCompile Include="..\..\CocosWidget\GradientView.cpp">
      <Filter>lib\CocosWidget</Filter>
    </ClCompile>
    <ClCompile Include="..\..\CocosWidget\GridPageView.cpp">
      <Filter>lib\CocosWidget</Filter>
    </ClCompile>
    <ClCompile Include="..\..\CocosWidget\GridView.cpp">
      <Filter>lib\CocosWidget</Filter>
    </ClCompile>
    <ClCompile Include="..\..\CocosWidget\ImageView.cpp">
      <Filter>lib\CocosWidget</Filter>
    </ClCompile>
    <ClCompile Include="..\..\CocosWidget\ImageViewScale9.cpp">
      <Filter>lib\CocosWidget</Filter>
    </ClCompile>
    <ClCompile Include="..\..\CocosWidget\Label.cpp">
      <Filter>lib\CocosWidget</Filter>
    </ClCompile>
    <ClCompile Include="..\..\CocosWidget\LabelAtlas.cpp">
      <Filter>lib\CocosWidget</Filter>
    </ClCompile>
    <ClCompile Include="..\..\CocosWidget\LabelBMFont.cpp">
      <Filter>lib\CocosWidget</Filter>
    </ClCompile>
    <ClCompile Include="..\..\CocosWidget\Layout.cpp">
      <Filter>lib\CocosWidget</Filter>
    </ClCompile>
    <ClCompile Include="..\..\CocosWidget\ListView.cpp">
      <Filter>lib\CocosWidget</Filter>
    </ClCompile>
    <ClCompile Include="..\..\CocosWidget\NumericStepper.cpp">
      <Filter>lib\CocosWidget</Filter>
    </ClCompile>
    <ClCompile Include="..\..\CocosWidget\PageView.cpp">
      <Filter>lib\CocosWidget</Filter>
    </ClCompile>
    <ClCompile Include="..\..\CocosWidget\ProgressBar.cpp">
      <Filter>lib\CocosWidget</Filter>
    </ClCompile>
    <ClCompile Include="..\..\CocosWidget\Scale9Sprite.cpp">
      <Filter>lib\CocosWidget</Filter>
    </ClCompile>
    <ClCompile Include="..\..\CocosWidget\ScrollView.cpp">
      <Filter>lib\CocosWidget</Filter>
    </ClCompile>
    <ClCompile Include="..\..\CocosWidget\Slider.cpp">
      <Filter>lib\CocosWidget</Filter>
    </ClCompile>
    <ClCompile Include="..\..\CocosWidget\TableView.cpp">
      <Filter>lib\CocosWidget</Filter>
    </ClCompile>
    <ClCompile Include="..\..\CocosWidget\TextRich.cpp">
      <Filter>lib\CocosWidget</Filter>
    </ClCompile>
    <ClCompile Include="..\..\CocosWidget\ToggleView.cpp">
      <Filter>lib\CocosWidget</Filter>
    </ClCompile>
    <ClCompile Include="..\..\CocosWidget\Widget.cpp">
      <Filter>lib\CocosWidget</Filter>
    </ClCompile>
    <ClCompile Include="..\..\CocosWidget\WidgetProtocol.cpp">
      <Filter>lib\CocosWidget</Filter>
    </ClCompile>
    <ClCompile Include="..\..\CocosWidget\WidgetWindow.cpp">
      <Filter>lib\CocosWidget</Filter>
    </ClCompile>
    <ClCompile Include="..\..\CocosWidget\WitlsMacros.cpp">
      <Filter>lib\CocosWidget</Filter>
    </ClCompile>
    <ClCompile Include="..\..\CocosWidget\ArmatureBtn.cpp">
      <Filter>lib\CocosWidget</Filter>
    </ClCompile>
    <ClCompile Include="..\..\CocosWidget\Button.cpp">
      <Filter>lib\CocosWidget</Filter>
    </ClCompile>
    <ClCompile Include="..\..\CocosWidget\CheckBox.cpp">
      <Filter>lib\CocosWidget</Filter>
    </ClCompile>
    <ClCompile Include="..\Classes\scene\Recombine\Recombineui.cpp">
      <Filter>Classes\scene\Recombine</Filter>
    </ClCompile>
    <ClCompile Include="..\Classes\tui\TuiUtil.cpp">
      <Filter>lib\tui</Filter>
    </ClCompile>
    <ClCompile Include="..\..\dragonbones\parsers\BaseDataParser.cpp">
      <Filter>lib\Dragonbones</Filter>
    </ClCompile>
    <ClCompile Include="..\..\dragonbones\parsers\ConstValues.cpp">
      <Filter>lib\Dragonbones</Filter>
    </ClCompile>
    <ClCompile Include="..\..\dragonbones\parsers\dbtinyxml2.cpp">
      <Filter>lib\Dragonbones</Filter>
    </ClCompile>
    <ClCompile Include="..\..\dragonbones\parsers\XMLDataParser.cpp">
      <Filter>lib\Dragonbones</Filter>
    </ClCompile>
    <ClCompile Include="..\..\dragonbones\renderer\cocos2d-x-3.2\DBCCArmature.cpp">
      <Filter>lib\Dragonbones</Filter>
    </ClCompile>
    <ClCompile Include="..\..\dragonbones\renderer\cocos2d-x-3.2\DBCCArmatureNode.cpp">
      <Filter>lib\Dragonbones</Filter>
    </ClCompile>
    <ClCompile Include="..\..\dragonbones\renderer\cocos2d-x-3.2\DBCCFactory.cpp">
      <Filter>lib\Dragonbones</Filter>
    </ClCompile>
    <ClCompile Include="..\..\dragonbones\renderer\cocos2d-x-3.2\DBCCSlot.cpp">
      <Filter>lib\Dragonbones</Filter>
    </ClCompile>
    <ClCompile Include="..\..\dragonbones\animation\Animation.cpp">
      <Filter>lib\Dragonbones</Filter>
    </ClCompile>
    <ClCompile Include="..\..\dragonbones\animation\AnimationState.cpp">
      <Filter>lib\Dragonbones</Filter>
    </ClCompile>
    <ClCompile Include="..\..\dragonbones\animation\TimelineState.cpp">
      <Filter>lib\Dragonbones</Filter>
    </ClCompile>
    <ClCompile Include="..\..\dragonbones\animation\WorldClock.cpp">
      <Filter>lib\Dragonbones</Filter>
    </ClCompile>
    <ClCompile Include="..\..\dragonbones\core\Armature.cpp">
      <Filter>lib\Dragonbones</Filter>
    </ClCompile>
    <ClCompile Include="..\..\dragonbones\core\Bone.cpp">
      <Filter>lib\Dragonbones</Filter>
    </ClCompile>
    <ClCompile Include="..\..\dragonbones\core\Object.cpp">
      <Filter>lib\Dragonbones</Filter>
    </ClCompile>
    <ClCompile Include="..\..\dragonbones\core\Slot.cpp">
      <Filter>lib\Dragonbones</Filter>
    </ClCompile>
    <ClCompile Include="..\..\dragonbones\events\EventData.cpp">
      <Filter>lib\Dragonbones</Filter>
    </ClCompile>
    <ClCompile Include="..\..\dragonbones\factories\BaseFactory.cpp">
      <Filter>lib\Dragonbones</Filter>
    </ClCompile>
    <ClCompile Include="..\..\CocosNet\CCSocket.cpp">
      <Filter>lib\CocosNet</Filter>
    </ClCompile>
    <ClCompile Include="..\..\CocosNet\CCBuffer.cpp">
      <Filter>lib\CocosNet</Filter>
    </ClCompile>
    <ClCompile Include="..\..\CocosNet\CCInetAddress.cpp">
      <Filter>lib\CocosNet</Filter>
    </ClCompile>
    <ClCompile Include="..\..\CocosNet\CCNetDelegate.cpp">
      <Filter>lib\CocosNet</Filter>
    </ClCompile>
  </ItemGroup>
  <ItemGroup>
    <ClInclude Include="main.h">
      <Filter>win32</Filter>
    </ClInclude>
    <ClInclude Include="..\Classes\AppDelegate.h">
      <Filter>Classes</Filter>
    </ClInclude>
    <ClInclude Include="..\..\rapidXml\rapidxml_print.hpp">
      <Filter>lib\rapidXml</Filter>
    </ClInclude>
    <ClInclude Include="..\..\rapidXml\rapidxml_utils.hpp">
      <Filter>lib\rapidXml</Filter>
    </ClInclude>
    <ClInclude Include="..\..\rapidXml\rapidxml.hpp">
      <Filter>lib\rapidXml</Filter>
    </ClInclude>
    <ClInclude Include="..\..\rapidXml\rapidxml_iterators.hpp">
      <Filter>lib\rapidXml</Filter>
    </ClInclude>
    <ClInclude Include="..\..\CocosBase\CCBundle.h">
      <Filter>lib\CocosBase</Filter>
    </ClInclude>
    <ClInclude Include="..\..\CocosBase\CCMsgDelegate.h">
      <Filter>lib\CocosBase</Filter>
    </ClInclude>
    <ClInclude Include="..\..\CocosBase\CCMsgManager.h">
      <Filter>lib\CocosBase</Filter>
    </ClInclude>
    <ClInclude Include="..\..\CocosBase\CCSceneExtension.h">
      <Filter>lib\CocosBase</Filter>
    </ClInclude>
    <ClInclude Include="..\..\CocosBase\CCSceneExTransition.h">
      <Filter>lib\CocosBase</Filter>
    </ClInclude>
    <ClInclude Include="..\..\CocosBase\CCSceneManager.h">
      <Filter>lib\CocosBase</Filter>
    </ClInclude>
    <ClInclude Include="..\..\CocosBase\cocos-base.h">
      <Filter>lib\CocosBase</Filter>
    </ClInclude>
    <ClInclude Include="..\..\CocosBase\CCBaseMacros.h">
      <Filter>lib\CocosBase</Filter>
    </ClInclude>
    <ClInclude Include="..\Classes\scene\Welcome\Welcomeui.h">
      <Filter>Classes\scene\Welcome</Filter>
    </ClInclude>
    <ClInclude Include="..\Classes\scene\Main\Mainui.h">
      <Filter>Classes\scene\Main</Filter>
    </ClInclude>
    <ClInclude Include="..\Classes\scene\Main\MainCfg.h">
      <Filter>Classes\scene\Main</Filter>
    </ClInclude>
    <ClInclude Include="..\Classes\module\ResoureMgr.h">
      <Filter>Classes\module</Filter>
    </ClInclude>
    <ClInclude Include="..\Classes\scene\Welcome\WelcomeCfg.h">
      <Filter>Classes\scene\Welcome</Filter>
    </ClInclude>
    <ClInclude Include="..\Classes\scene\Store\Storeui.h">
      <Filter>Classes\scene\Store</Filter>
    </ClInclude>
    <ClInclude Include="..\Classes\scene\Store\StoreCfg.h">
      <Filter>Classes\scene\Store</Filter>
    </ClInclude>
    <ClInclude Include="..\Classes\scene\ShowPhone\ShowPhoneCfg.h">
      <Filter>Classes\scene\ShowPhone</Filter>
    </ClInclude>
    <ClInclude Include="..\Classes\scene\ShowPhone\ShowPhoneui.h">
      <Filter>Classes\scene\ShowPhone</Filter>
    </ClInclude>
    <ClInclude Include="..\Classes\scene\Bag\Bagui.h">
      <Filter>Classes\scene\Bag</Filter>
    </ClInclude>
    <ClInclude Include="..\Classes\scene\Bag\BagCfg.h">
      <Filter>Classes\scene\Bag</Filter>
    </ClInclude>
    <ClInclude Include="..\Classes\scene\Main\dialog\MsgBox.h">
      <Filter>Classes\scene\Main\dialog</Filter>
    </ClInclude>
    <ClInclude Include="..\Classes\tui\TuiMacros.h">
      <Filter>lib\tui</Filter>
    </ClInclude>
    <ClInclude Include="..\Classes\tui\TuiManager.h">
      <Filter>lib\tui</Filter>
    </ClInclude>
    <ClInclude Include="..\Classes\tui\TuiBase.h">
      <Filter>lib\tui</Filter>
    </ClInclude>
    <ClInclude Include="..\Classes\tui\tuiconsts.h">
      <Filter>lib\tui</Filter>
    </ClInclude>
    <ClInclude Include="..\..\CocosWidget\CircleMenu.h">
      <Filter>lib\CocosWidget</Filter>
    </ClInclude>
    <ClInclude Include="..\..\CocosWidget\cocos-widget.h">
      <Filter>lib\CocosWidget</Filter>
    </ClInclude>
    <ClInclude Include="..\..\CocosWidget\ColorView.h">
      <Filter>lib\CocosWidget</Filter>
    </ClInclude>
    <ClInclude Include="..\..\CocosWidget\ControlView.h">
      <Filter>lib\CocosWidget</Filter>
    </ClInclude>
    <ClInclude Include="..\..\CocosWidget\Ease.h">
      <Filter>lib\CocosWidget</Filter>
    </ClInclude>
    <ClInclude Include="..\..\CocosWidget\ExpandableListView.h">
      <Filter>lib\CocosWidget</Filter>
    </ClInclude>
    <ClInclude Include="..\..\CocosWidget\GradientView.h">
      <Filter>lib\CocosWidget</Filter>
    </ClInclude>
    <ClInclude Include="..\..\CocosWidget\GridPageView.h">
      <Filter>lib\CocosWidget</Filter>
    </ClInclude>
    <ClInclude Include="..\..\CocosWidget\GridView.h">
      <Filter>lib\CocosWidget</Filter>
    </ClInclude>
    <ClInclude Include="..\..\CocosWidget\ImageView.h">
      <Filter>lib\CocosWidget</Filter>
    </ClInclude>
    <ClInclude Include="..\..\CocosWidget\ImageViewScale9.h">
      <Filter>lib\CocosWidget</Filter>
    </ClInclude>
    <ClInclude Include="..\..\CocosWidget\Label.h">
      <Filter>lib\CocosWidget</Filter>
    </ClInclude>
    <ClInclude Include="..\..\CocosWidget\LabelAtlas.h">
      <Filter>lib\CocosWidget</Filter>
    </ClInclude>
    <ClInclude Include="..\..\CocosWidget\LabelBMFont.h">
      <Filter>lib\CocosWidget</Filter>
    </ClInclude>
    <ClInclude Include="..\..\CocosWidget\Layout.h">
      <Filter>lib\CocosWidget</Filter>
    </ClInclude>
    <ClInclude Include="..\..\CocosWidget\ListView.h">
      <Filter>lib\CocosWidget</Filter>
    </ClInclude>
    <ClInclude Include="..\..\CocosWidget\NumericStepper.h">
      <Filter>lib\CocosWidget</Filter>
    </ClInclude>
    <ClInclude Include="..\..\CocosWidget\PageView.h">
      <Filter>lib\CocosWidget</Filter>
    </ClInclude>
    <ClInclude Include="..\..\CocosWidget\ProgressBar.h">
      <Filter>lib\CocosWidget</Filter>
    </ClInclude>
    <ClInclude Include="..\..\CocosWidget\Scale9Sprite.h">
      <Filter>lib\CocosWidget</Filter>
    </ClInclude>
    <ClInclude Include="..\..\CocosWidget\ScrollView.h">
      <Filter>lib\CocosWidget</Filter>
    </ClInclude>
    <ClInclude Include="..\..\CocosWidget\Slider.h">
      <Filter>lib\CocosWidget</Filter>
    </ClInclude>
    <ClInclude Include="..\..\CocosWidget\TableView.h">
      <Filter>lib\CocosWidget</Filter>
    </ClInclude>
    <ClInclude Include="..\..\CocosWidget\TextRich.h">
      <Filter>lib\CocosWidget</Filter>
    </ClInclude>
    <ClInclude Include="..\..\CocosWidget\ToggleView.h">
      <Filter>lib\CocosWidget</Filter>
    </ClInclude>
    <ClInclude Include="..\..\CocosWidget\Widget.h">
      <Filter>lib\CocosWidget</Filter>
    </ClInclude>
    <ClInclude Include="..\..\CocosWidget\WidgetMacros.h">
      <Filter>lib\CocosWidget</Filter>
    </ClInclude>
    <ClInclude Include="..\..\CocosWidget\WidgetProtocol.h">
      <Filter>lib\CocosWidget</Filter>
    </ClInclude>
    <ClInclude Include="..\..\CocosWidget\WidgetWindow.h">
      <Filter>lib\CocosWidget</Filter>
    </ClInclude>
    <ClInclude Include="..\..\CocosWidget\WitlsMacros.h">
      <Filter>lib\CocosWidget</Filter>
    </ClInclude>
    <ClInclude Include="..\..\CocosWidget\ArmatureBtn.h">
      <Filter>lib\CocosWidget</Filter>
    </ClInclude>
    <ClInclude Include="..\..\CocosWidget\Button.h">
      <Filter>lib\CocosWidget</Filter>
    </ClInclude>
    <ClInclude Include="..\..\CocosWidget\CheckBox.h">
      <Filter>lib\CocosWidget</Filter>
    </ClInclude>
    <ClInclude Include="..\Classes\scene\Recombine\Recombineui.h">
      <Filter>Classes\scene\Recombine</Filter>
    </ClInclude>
    <ClInclude Include="..\Classes\tui\tagMap\Tag_recombineui.h">
      <Filter>lib\tui\tagMap</Filter>
    </ClInclude>
    <ClInclude Include="..\Classes\tui\tagMap\Tag_showPhone.h">
      <Filter>lib\tui\tagMap</Filter>
    </ClInclude>
    <ClInclude Include="..\Classes\tui\tagMap\Tag_store.h">
      <Filter>lib\tui\tagMap</Filter>
    </ClInclude>
    <ClInclude Include="..\Classes\tui\tagMap\Tag_welcome.h">
      <Filter>lib\tui\tagMap</Filter>
    </ClInclude>
    <ClInclude Include="..\Classes\tui\tagMap\Tag_bag.h">
      <Filter>lib\tui\tagMap</Filter>
    </ClInclude>
    <ClInclude Include="..\Classes\tui\tagMap\Tag_main.h">
      <Filter>lib\tui\tagMap</Filter>
    </ClInclude>
    <ClInclude Include="..\Classes\tui\TuiUtil.h">
      <Filter>lib\tui</Filter>
    </ClInclude>
    <ClInclude Include="..\..\dragonbones\parsers\BaseDataParser.h">
      <Filter>lib\Dragonbones</Filter>
    </ClInclude>
    <ClInclude Include="..\..\dragonbones\parsers\ConstValues.h">
      <Filter>lib\Dragonbones</Filter>
    </ClInclude>
    <ClInclude Include="..\..\dragonbones\parsers\dbtinyxml2.h">
      <Filter>lib\Dragonbones</Filter>
    </ClInclude>
    <ClInclude Include="..\..\dragonbones\parsers\XMLDataParser.h">
      <Filter>lib\Dragonbones</Filter>
    </ClInclude>
    <ClInclude Include="..\..\dragonbones\renderer\cocos2d-x-3.2\DBCCArmature.h">
      <Filter>lib\Dragonbones</Filter>
    </ClInclude>
    <ClInclude Include="..\..\dragonbones\renderer\cocos2d-x-3.2\DBCCArmatureNode.h">
      <Filter>lib\Dragonbones</Filter>
    </ClInclude>
    <ClInclude Include="..\..\dragonbones\renderer\cocos2d-x-3.2\DBCCEventDispatcher.h">
      <Filter>lib\Dragonbones</Filter>
    </ClInclude>
    <ClInclude Include="..\..\dragonbones\renderer\cocos2d-x-3.2\DBCCFactory.h">
      <Filter>lib\Dragonbones</Filter>
    </ClInclude>
    <ClInclude Include="..\..\dragonbones\renderer\cocos2d-x-3.2\dbccMacro.h">
      <Filter>lib\Dragonbones</Filter>
    </ClInclude>
    <ClInclude Include="..\..\dragonbones\renderer\cocos2d-x-3.2\DBCCRenderHeaders.h">
      <Filter>lib\Dragonbones</Filter>
    </ClInclude>
    <ClInclude Include="..\..\dragonbones\renderer\cocos2d-x-3.2\DBCCSlot.h">
      <Filter>lib\Dragonbones</Filter>
    </ClInclude>
    <ClInclude Include="..\..\dragonbones\renderer\cocos2d-x-3.2\DBCCTextureAtlas.h">
      <Filter>lib\Dragonbones</Filter>
    </ClInclude>
    <ClInclude Include="..\..\dragonbones\textures\ITextureAtlas.h">
      <Filter>lib\Dragonbones</Filter>
    </ClInclude>
    <ClInclude Include="..\..\dragonbones\textures\TextureAtlasData.h">
      <Filter>lib\Dragonbones</Filter>
    </ClInclude>
    <ClInclude Include="..\..\dragonbones\textures\TextureData.h">
      <Filter>lib\Dragonbones</Filter>
    </ClInclude>
    <ClInclude Include="..\..\dragonbones\DragonBones.h">
      <Filter>lib\Dragonbones</Filter>
    </ClInclude>
    <ClInclude Include="..\..\dragonbones\DragonBonesHeaders.h">
      <Filter>lib\Dragonbones</Filter>
    </ClInclude>
    <ClInclude Include="..\..\dragonbones\animation\Animation.h">
      <Filter>lib\Dragonbones</Filter>
    </ClInclude>
    <ClInclude Include="..\..\dragonbones\animation\AnimationState.h">
      <Filter>lib\Dragonbones</Filter>
    </ClInclude>
    <ClInclude Include="..\..\dragonbones\animation\IAnimatable.h">
      <Filter>lib\Dragonbones</Filter>
    </ClInclude>
    <ClInclude Include="..\..\dragonbones\animation\TimelineState.h">
      <Filter>lib\Dragonbones</Filter>
    </ClInclude>
    <ClInclude Include="..\..\dragonbones\animation\WorldClock.h">
      <Filter>lib\Dragonbones</Filter>
    </ClInclude>
    <ClInclude Include="..\..\dragonbones\core\Armature.h">
      <Filter>lib\Dragonbones</Filter>
    </ClInclude>
    <ClInclude Include="..\..\dragonbones\core\Bone.h">
      <Filter>lib\Dragonbones</Filter>
    </ClInclude>
    <ClInclude Include="..\..\dragonbones\core\Object.h">
      <Filter>lib\Dragonbones</Filter>
    </ClInclude>
    <ClInclude Include="..\..\dragonbones\core\Slot.h">
      <Filter>lib\Dragonbones</Filter>
    </ClInclude>
    <ClInclude Include="..\..\dragonbones\events\EventData.h">
      <Filter>lib\Dragonbones</Filter>
    </ClInclude>
    <ClInclude Include="..\..\dragonbones\events\IEventDispatcher.h">
      <Filter>lib\Dragonbones</Filter>
    </ClInclude>
    <ClInclude Include="..\..\dragonbones\factories\BaseFactory.h">
      <Filter>lib\Dragonbones</Filter>
    </ClInclude>
    <ClInclude Include="..\..\dragonbones\geoms\ColorTransform.h">
      <Filter>lib\Dragonbones</Filter>
    </ClInclude>
    <ClInclude Include="..\..\dragonbones\geoms\Matrix.h">
      <Filter>lib\Dragonbones</Filter>
    </ClInclude>
    <ClInclude Include="..\..\dragonbones\geoms\Point.h">
      <Filter>lib\Dragonbones</Filter>
    </ClInclude>
    <ClInclude Include="..\..\dragonbones\geoms\Rectangle.h">
      <Filter>lib\Dragonbones</Filter>
    </ClInclude>
    <ClInclude Include="..\..\dragonbones\geoms\Transform.h">
      <Filter>lib\Dragonbones</Filter>
    </ClInclude>
    <ClInclude Include="..\..\dragonbones\objects\AnimationData.h">
      <Filter>lib\Dragonbones</Filter>
    </ClInclude>
    <ClInclude Include="..\..\dragonbones\objects\ArmatureData.h">
      <Filter>lib\Dragonbones</Filter>
    </ClInclude>
    <ClInclude Include="..\..\dragonbones\objects\BoneData.h">
      <Filter>lib\Dragonbones</Filter>
    </ClInclude>
    <ClInclude Include="..\..\dragonbones\objects\DisplayData.h">
      <Filter>lib\Dragonbones</Filter>
    </ClInclude>
    <ClInclude Include="..\..\dragonbones\objects\DragonBonesData.h">
      <Filter>lib\Dragonbones</Filter>
    </ClInclude>
    <ClInclude Include="..\..\dragonbones\objects\EllipseData.h">
      <Filter>lib\Dragonbones</Filter>
    </ClInclude>
    <ClInclude Include="..\..\dragonbones\objects\Frame.h">
      <Filter>lib\Dragonbones</Filter>
    </ClInclude>
    <ClInclude Include="..\..\dragonbones\objects\IAreaData.h">
      <Filter>lib\Dragonbones</Filter>
    </ClInclude>
    <ClInclude Include="..\..\dragonbones\objects\RectangleData.h">
      <Filter>lib\Dragonbones</Filter>
    </ClInclude>
    <ClInclude Include="..\..\dragonbones\objects\SkinData.h">
      <Filter>lib\Dragonbones</Filter>
    </ClInclude>
    <ClInclude Include="..\..\dragonbones\objects\SlotData.h">
      <Filter>lib\Dragonbones</Filter>
    </ClInclude>
    <ClInclude Include="..\..\dragonbones\objects\Timeline.h">
      <Filter>lib\Dragonbones</Filter>
    </ClInclude>
    <ClInclude Include="..\..\dragonbones\objects\TransformFrame.h">
      <Filter>lib\Dragonbones</Filter>
    </ClInclude>
    <ClInclude Include="..\..\dragonbones\objects\TransformTimeline.h">
      <Filter>lib\Dragonbones</Filter>
    </ClInclude>
    <ClInclude Include="..\..\CocosNet\CCNetDelegate.h">
      <Filter>lib\CocosNet</Filter>
    </ClInclude>
    <ClInclude Include="..\..\CocosNet\CCNetMacros.h">
      <Filter>lib\CocosNet</Filter>
    </ClInclude>
    <ClInclude Include="..\..\CocosNet\CCSocket.h">
      <Filter>lib\CocosNet</Filter>
    </ClInclude>
    <ClInclude Include="..\..\CocosNet\cocos-net.h">
      <Filter>lib\CocosNet</Filter>
    </ClInclude>
    <ClInclude Include="..\..\CocosNet\CCBuffer.h">
      <Filter>lib\CocosNet</Filter>
    </ClInclude>
    <ClInclude Include="..\..\CocosNet\CCInetAddress.h">
      <Filter>lib\CocosNet</Filter>
    </ClInclude>
  </ItemGroup>
  <ItemGroup>
    <ResourceCompile Include="game.rc">
      <Filter>resource</Filter>
    </ResourceCompile>
  </ItemGroup>
</Project>