<?xml version="1.0" encoding="utf-8"?>
<Project ToolsVersion="4.0" xmlns="http://schemas.microsoft.com/developer/msbuild/2003">
  <ItemGroup>
    <Filter Include="Classes">
      <UniqueIdentifier>{fc5cb953-2953-4968-83b3-39e3ff951754}</UniqueIdentifier>
    </Filter>
    <Filter Include="win32">
      <UniqueIdentifier>{037a9a02-b906-4cc5-ad98-304acd4e25ee}</UniqueIdentifier>
    </Filter>
    <Filter Include="resource">
      <UniqueIdentifier>{2d1d0979-58cd-4ab6-b91c-13650158f1fa}</UniqueIdentifier>
    </Filter>
    <Filter Include="lib">
      <UniqueIdentifier>{6b96d91e-3266-4a0e-ae5f-ea8815b8f08e}</UniqueIdentifier>
    </Filter>
    <Filter Include="lib\CocosWidget">
      <UniqueIdentifier>{227fee57-32ad-4616-acc8-b7feb93daf4c}</UniqueIdentifier>
    </Filter>
    <Filter Include="lib\tui">
      <UniqueIdentifier>{2e08c06e-b96f-449e-af7a-f533bbc437eb}</UniqueIdentifier>
    </Filter>
    <Filter Include="lib\CocosBase">
      <UniqueIdentifier>{377f5101-59b0-4fda-999c-a41b9448a7c7}</UniqueIdentifier>
    </Filter>
    <Filter Include="lib\CocosNet">
      <UniqueIdentifier>{6d17af90-bc60-411a-9cc0-3d83321634c8}</UniqueIdentifier>
    </Filter>
    <Filter Include="lib\Dragonbones">
      <UniqueIdentifier>{ce35c8de-0dce-4419-ad98-a65936d3c8c1}</UniqueIdentifier>
    </Filter>
  </ItemGroup>
  <ItemGroup>
    <ClInclude Include="..\Classes\AppDelegate.h">
      <Filter>Classes</Filter>
    </ClInclude>
    <ClInclude Include="main.h">
      <Filter>win32</Filter>
    </ClInclude>
    <ClInclude Include="..\..\..\..\CocosWidget\CircleMenu.h">
      <Filter>lib\CocosWidget</Filter>
    </ClInclude>
    <ClInclude Include="..\..\..\..\CocosWidget\cocos-widget.h">
      <Filter>lib\CocosWidget</Filter>
    </ClInclude>
    <ClInclude Include="..\..\..\..\CocosWidget\ColorView.h">
      <Filter>lib\CocosWidget</Filter>
    </ClInclude>
    <ClInclude Include="..\..\..\..\CocosWidget\ControlView.h">
      <Filter>lib\CocosWidget</Filter>
    </ClInclude>
    <ClInclude Include="..\..\..\..\CocosWidget\Ease.h">
      <Filter>lib\CocosWidget</Filter>
    </ClInclude>
    <ClInclude Include="..\..\..\..\CocosWidget\ExpandableListView.h">
      <Filter>lib\CocosWidget</Filter>
    </ClInclude>
    <ClInclude Include="..\..\..\..\CocosWidget\GradientView.h">
      <Filter>lib\CocosWidget</Filter>
    </ClInclude>
    <ClInclude Include="..\..\..\..\CocosWidget\GridPageView.h">
      <Filter>lib\CocosWidget</Filter>
    </ClInclude>
    <ClInclude Include="..\..\..\..\CocosWidget\GridView.h">
      <Filter>lib\CocosWidget</Filter>
    </ClInclude>
    <ClInclude Include="..\..\..\..\CocosWidget\ImageView.h">
      <Filter>lib\CocosWidget</Filter>
    </ClInclude>
    <ClInclude Include="..\..\..\..\CocosWidget\ImageViewScale9.h">
      <Filter>lib\CocosWidget</Filter>
    </ClInclude>
    <ClInclude Include="..\..\..\..\CocosWidget\Label.h">
      <Filter>lib\CocosWidget</Filter>
    </ClInclude>
    <ClInclude Include="..\..\..\..\CocosWidget\LabelAtlas.h">
      <Filter>lib\CocosWidget</Filter>
    </ClInclude>
    <ClInclude Include="..\..\..\..\CocosWidget\LabelBMFont.h">
      <Filter>lib\CocosWidget</Filter>
    </ClInclude>
    <ClInclude Include="..\..\..\..\CocosWidget\Layout.h">
      <Filter>lib\CocosWidget</Filter>
    </ClInclude>
    <ClInclude Include="..\..\..\..\CocosWidget\ListView.h">
      <Filter>lib\CocosWidget</Filter>
    </ClInclude>
    <ClInclude Include="..\..\..\..\CocosWidget\NumericStepper.h">
      <Filter>lib\CocosWidget</Filter>
    </ClInclude>
    <ClInclude Include="..\..\..\..\CocosWidget\PageView.h">
      <Filter>lib\CocosWidget</Filter>
    </ClInclude>
    <ClInclude Include="..\..\..\..\CocosWidget\ProgressBar.h">
      <Filter>lib\CocosWidget</Filter>
    </ClInclude>
    <ClInclude Include="..\..\..\..\CocosWidget\Scale9Sprite.h">
      <Filter>lib\CocosWidget</Filter>
    </ClInclude>
    <ClInclude Include="..\..\..\..\CocosWidget\ScrollView.h">
      <Filter>lib\CocosWidget</Filter>
    </ClInclude>
    <ClInclude Include="..\..\..\..\CocosWidget\Slider.h">
      <Filter>lib\CocosWidget</Filter>
    </ClInclude>
    <ClInclude Include="..\..\..\..\CocosWidget\TableView.h">
      <Filter>lib\CocosWidget</Filter>
    </ClInclude>
    <ClInclude Include="..\..\..\..\CocosWidget\TextRich.h">
      <Filter>lib\CocosWidget</Filter>
    </ClInclude>
    <ClInclude Include="..\..\..\..\CocosWidget\ToggleView.h">
      <Filter>lib\CocosWidget</Filter>
    </ClInclude>
    <ClInclude Include="..\..\..\..\CocosWidget\Widget.h">
      <Filter>lib\CocosWidget</Filter>
    </ClInclude>
    <ClInclude Include="..\..\..\..\CocosWidget\WidgetMacros.h">
      <Filter>lib\CocosWidget</Filter>
    </ClInclude>
    <ClInclude Include="..\..\..\..\CocosWidget\WidgetProtocol.h">
      <Filter>lib\CocosWidget</Filter>
    </ClInclude>
    <ClInclude Include="..\..\..\..\CocosWidget\WidgetWindow.h">
      <Filter>lib\CocosWidget</Filter>
    </ClInclude>
    <ClInclude Include="..\..\..\..\CocosWidget\WitlsMacros.h">
      <Filter>lib\CocosWidget</Filter>
    </ClInclude>
    <ClInclude Include="..\..\..\..\CocosWidget\ArmatureBtn.h">
      <Filter>lib\CocosWidget</Filter>
    </ClInclude>
    <ClInclude Include="..\..\..\..\CocosWidget\Button.h">
      <Filter>lib\CocosWidget</Filter>
    </ClInclude>
    <ClInclude Include="..\..\..\..\CocosWidget\CheckBox.h">
      <Filter>lib\CocosWidget</Filter>
    </ClInclude>
    <ClInclude Include="..\..\..\..\CocosWidget\lua_cocos2dx_cocoswidget_auto.hpp">
      <Filter>lib\CocosWidget</Filter>
    </ClInclude>
    <ClInclude Include="..\Classes\tui\TuiMacros.h">
      <Filter>lib\tui</Filter>
    </ClInclude>
    <ClInclude Include="..\Classes\tui\TuiManager.h">
      <Filter>lib\tui</Filter>
    </ClInclude>
    <ClInclude Include="..\Classes\tui\lua_cocos2dx_tui_auto.hpp">
      <Filter>lib\tui</Filter>
    </ClInclude>
    <ClInclude Include="..\Classes\tui\TuiBase.h">
      <Filter>lib\tui</Filter>
    </ClInclude>
    <ClInclude Include="..\Classes\tui\tuiconsts.h">
      <Filter>lib\tui</Filter>
    </ClInclude>
    <ClInclude Include="..\..\..\..\CocosBase\lua_cocos2dx_cocosbase_auto.hpp">
      <Filter>lib\CocosBase</Filter>
    </ClInclude>
    <ClInclude Include="..\..\..\..\CocosBase\CCBundle.h">
      <Filter>lib\CocosBase</Filter>
    </ClInclude>
    <ClInclude Include="..\..\..\..\CocosBase\CCMsgDelegate.h">
      <Filter>lib\CocosBase</Filter>
    </ClInclude>
    <ClInclude Include="..\..\..\..\CocosBase\CCMsgManager.h">
      <Filter>lib\CocosBase</Filter>
    </ClInclude>
    <ClInclude Include="..\..\..\..\CocosBase\CCSceneExtension.h">
      <Filter>lib\CocosBase</Filter>
    </ClInclude>
    <ClInclude Include="..\..\..\..\CocosBase\CCSceneExTransition.h">
      <Filter>lib\CocosBase</Filter>
    </ClInclude>
    <ClInclude Include="..\..\..\..\CocosBase\CCSceneManager.h">
      <Filter>lib\CocosBase</Filter>
    </ClInclude>
    <ClInclude Include="..\..\..\..\CocosBase\cocos-base.h">
      <Filter>lib\CocosBase</Filter>
    </ClInclude>
    <ClInclude Include="..\..\..\..\CocosBase\CCBaseMacros.h">
      <Filter>lib\CocosBase</Filter>
    </ClInclude>
    <ClInclude Include="..\Classes\tui\TuiUtil.h">
      <Filter>lib\tui</Filter>
    </ClInclude>
    <ClInclude Include="..\..\..\..\dragonbones\objects\AnimationData.h">
      <Filter>lib\Dragonbones</Filter>
    </ClInclude>
    <ClInclude Include="..\..\..\..\dragonbones\objects\ArmatureData.h">
      <Filter>lib\Dragonbones</Filter>
    </ClInclude>
    <ClInclude Include="..\..\..\..\dragonbones\objects\BoneData.h">
      <Filter>lib\Dragonbones</Filter>
    </ClInclude>
    <ClInclude Include="..\..\..\..\dragonbones\objects\DisplayData.h">
      <Filter>lib\Dragonbones</Filter>
    </ClInclude>
    <ClInclude Include="..\..\..\..\dragonbones\objects\DragonBonesData.h">
      <Filter>lib\Dragonbones</Filter>
    </ClInclude>
    <ClInclude Include="..\..\..\..\dragonbones\objects\EllipseData.h">
      <Filter>lib\Dragonbones</Filter>
    </ClInclude>
    <ClInclude Include="..\..\..\..\dragonbones\objects\Frame.h">
      <Filter>lib\Dragonbones</Filter>
    </ClInclude>
    <ClInclude Include="..\..\..\..\dragonbones\objects\IAreaData.h">
      <Filter>lib\Dragonbones</Filter>
    </ClInclude>
    <ClInclude Include="..\..\..\..\dragonbones\objects\RectangleData.h">
      <Filter>lib\Dragonbones</Filter>
    </ClInclude>
    <ClInclude Include="..\..\..\..\dragonbones\objects\SkinData.h">
      <Filter>lib\Dragonbones</Filter>
    </ClInclude>
    <ClInclude Include="..\..\..\..\dragonbones\objects\SlotData.h">
      <Filter>lib\Dragonbones</Filter>
    </ClInclude>
    <ClInclude Include="..\..\..\..\dragonbones\objects\Timeline.h">
      <Filter>lib\Dragonbones</Filter>
    </ClInclude>
    <ClInclude Include="..\..\..\..\dragonbones\objects\TransformFrame.h">
      <Filter>lib\Dragonbones</Filter>
    </ClInclude>
    <ClInclude Include="..\..\..\..\dragonbones\objects\TransformTimeline.h">
      <Filter>lib\Dragonbones</Filter>
    </ClInclude>
    <ClInclude Include="..\..\..\..\dragonbones\parsers\BaseDataParser.h">
      <Filter>lib\Dragonbones</Filter>
    </ClInclude>
    <ClInclude Include="..\..\..\..\dragonbones\parsers\ConstValues.h">
      <Filter>lib\Dragonbones</Filter>
    </ClInclude>
    <ClInclude Include="..\..\..\..\dragonbones\parsers\dbtinyxml2.h">
      <Filter>lib\Dragonbones</Filter>
    </ClInclude>
    <ClInclude Include="..\..\..\..\dragonbones\parsers\XMLDataParser.h">
      <Filter>lib\Dragonbones</Filter>
    </ClInclude>
    <ClInclude Include="..\..\..\..\dragonbones\renderer\cocos2d-x-3.2\DBCCArmature.h">
      <Filter>lib\Dragonbones</Filter>
    </ClInclude>
    <ClInclude Include="..\..\..\..\dragonbones\renderer\cocos2d-x-3.2\DBCCArmatureNode.h">
      <Filter>lib\Dragonbones</Filter>
    </ClInclude>
    <ClInclude Include="..\..\..\..\dragonbones\renderer\cocos2d-x-3.2\DBCCEventDispatcher.h">
      <Filter>lib\Dragonbones</Filter>
    </ClInclude>
    <ClInclude Include="..\..\..\..\dragonbones\renderer\cocos2d-x-3.2\DBCCFactory.h">
      <Filter>lib\Dragonbones</Filter>
    </ClInclude>
    <ClInclude Include="..\..\..\..\dragonbones\renderer\cocos2d-x-3.2\dbccMacro.h">
      <Filter>lib\Dragonbones</Filter>
    </ClInclude>
    <ClInclude Include="..\..\..\..\dragonbones\renderer\cocos2d-x-3.2\DBCCRenderHeaders.h">
      <Filter>lib\Dragonbones</Filter>
    </ClInclude>
    <ClInclude Include="..\..\..\..\dragonbones\renderer\cocos2d-x-3.2\DBCCSlot.h">
      <Filter>lib\Dragonbones</Filter>
    </ClInclude>
    <ClInclude Include="..\..\..\..\dragonbones\renderer\cocos2d-x-3.2\DBCCTextureAtlas.h">
      <Filter>lib\Dragonbones</Filter>
    </ClInclude>
    <ClInclude Include="..\..\..\..\dragonbones\textures\ITextureAtlas.h">
      <Filter>lib\Dragonbones</Filter>
    </ClInclude>
    <ClInclude Include="..\..\..\..\dragonbones\textures\TextureAtlasData.h">
      <Filter>lib\Dragonbones</Filter>
    </ClInclude>
    <ClInclude Include="..\..\..\..\dragonbones\textures\TextureData.h">
      <Filter>lib\Dragonbones</Filter>
    </ClInclude>
    <ClInclude Include="..\..\..\..\dragonbones\DragonBones.h">
      <Filter>lib\Dragonbones</Filter>
    </ClInclude>
    <ClInclude Include="..\..\..\..\dragonbones\DragonBonesHeaders.h">
      <Filter>lib\Dragonbones</Filter>
    </ClInclude>
    <ClInclude Include="..\..\..\..\dragonbones\lua_dragonbones_auto.hpp">
      <Filter>lib\Dragonbones</Filter>
    </ClInclude>
    <ClInclude Include="..\..\..\..\dragonbones\animation\Animation.h">
      <Filter>lib\Dragonbones</Filter>
    </ClInclude>
    <ClInclude Include="..\..\..\..\dragonbones\animation\AnimationState.h">
      <Filter>lib\Dragonbones</Filter>
    </ClInclude>
    <ClInclude Include="..\..\..\..\dragonbones\animation\IAnimatable.h">
      <Filter>lib\Dragonbones</Filter>
    </ClInclude>
    <ClInclude Include="..\..\..\..\dragonbones\animation\TimelineState.h">
      <Filter>lib\Dragonbones</Filter>
    </ClInclude>
    <ClInclude Include="..\..\..\..\dragonbones\animation\WorldClock.h">
      <Filter>lib\Dragonbones</Filter>
    </ClInclude>
    <ClInclude Include="..\..\..\..\dragonbones\core\Armature.h">
      <Filter>lib\Dragonbones</Filter>
    </ClInclude>
    <ClInclude Include="..\..\..\..\dragonbones\core\Bone.h">
      <Filter>lib\Dragonbones</Filter>
    </ClInclude>
    <ClInclude Include="..\..\..\..\dragonbones\core\Object.h">
      <Filter>lib\Dragonbones</Filter>
    </ClInclude>
    <ClInclude Include="..\..\..\..\dragonbones\core\Slot.h">
      <Filter>lib\Dragonbones</Filter>
    </ClInclude>
    <ClInclude Include="..\..\..\..\dragonbones\events\EventData.h">
      <Filter>lib\Dragonbones</Filter>
    </ClInclude>
    <ClInclude Include="..\..\..\..\dragonbones\events\IEventDispatcher.h">
      <Filter>lib\Dragonbones</Filter>
    </ClInclude>
    <ClInclude Include="..\..\..\..\dragonbones\factories\BaseFactory.h">
      <Filter>lib\Dragonbones</Filter>
    </ClInclude>
    <ClInclude Include="..\..\..\..\dragonbones\geoms\ColorTransform.h">
      <Filter>lib\Dragonbones</Filter>
    </ClInclude>
    <ClInclude Include="..\..\..\..\dragonbones\geoms\Matrix.h">
      <Filter>lib\Dragonbones</Filter>
    </ClInclude>
    <ClInclude Include="..\..\..\..\dragonbones\geoms\Point.h">
      <Filter>lib\Dragonbones</Filter>
    </ClInclude>
    <ClInclude Include="..\..\..\..\dragonbones\geoms\Rectangle.h">
      <Filter>lib\Dragonbones</Filter>
    </ClInclude>
    <ClInclude Include="..\..\..\..\dragonbones\geoms\Transform.h">
      <Filter>lib\Dragonbones</Filter>
    </ClInclude>
    <ClInclude Include="..\..\..\..\CocosNet\CCNetMacros.h">
      <Filter>lib\CocosNet</Filter>
    </ClInclude>
    <ClInclude Include="..\..\..\..\CocosNet\CCSocket.h">
      <Filter>lib\CocosNet</Filter>
    </ClInclude>
    <ClInclude Include="..\..\..\..\CocosNet\cocos-net.h">
      <Filter>lib\CocosNet</Filter>
    </ClInclude>
    <ClInclude Include="..\..\..\..\CocosNet\CCBuffer.h">
      <Filter>lib\CocosNet</Filter>
    </ClInclude>
    <ClInclude Include="..\..\..\..\CocosNet\CCInetAddress.h">
      <Filter>lib\CocosNet</Filter>
    </ClInclude>
    <ClInclude Include="..\..\..\..\CocosNet\CCNetDelegate.h">
      <Filter>lib\CocosNet</Filter>
    </ClInclude>
    <ClInclude Include="..\..\..\..\CocosNet\lua_cocos2dx_cocosnet_auto.hpp">
      <Filter>lib\CocosNet</Filter>
    </ClInclude>
  </ItemGroup>
  <ItemGroup>
    <ClCompile Include="main.cpp">
      <Filter>win32</Filter>
    </ClCompile>
    <ClCompile Include="..\..\..\..\CocosWidget\CircleMenu.cpp">
      <Filter>lib\CocosWidget</Filter>
    </ClCompile>
    <ClCompile Include="..\..\..\..\CocosWidget\ColorView.cpp">
      <Filter>lib\CocosWidget</Filter>
    </ClCompile>
    <ClCompile Include="..\..\..\..\CocosWidget\ControlView.cpp">
      <Filter>lib\CocosWidget</Filter>
    </ClCompile>
    <ClCompile Include="..\..\..\..\CocosWidget\ExpandableListView.cpp">
      <Filter>lib\CocosWidget</Filter>
    </ClCompile>
    <ClCompile Include="..\..\..\..\CocosWidget\GradientView.cpp">
      <Filter>lib\CocosWidget</Filter>
    </ClCompile>
    <ClCompile Include="..\..\..\..\CocosWidget\GridPageView.cpp">
      <Filter>lib\CocosWidget</Filter>
    </ClCompile>
    <ClCompile Include="..\..\..\..\CocosWidget\GridView.cpp">
      <Filter>lib\CocosWidget</Filter>
    </ClCompile>
    <ClCompile Include="..\..\..\..\CocosWidget\ImageView.cpp">
      <Filter>lib\CocosWidget</Filter>
    </ClCompile>
    <ClCompile Include="..\..\..\..\CocosWidget\ImageViewScale9.cpp">
      <Filter>lib\CocosWidget</Filter>
    </ClCompile>
    <ClCompile Include="..\..\..\..\CocosWidget\Label.cpp">
      <Filter>lib\CocosWidget</Filter>
    </ClCompile>
    <ClCompile Include="..\..\..\..\CocosWidget\LabelAtlas.cpp">
      <Filter>lib\CocosWidget</Filter>
    </ClCompile>
    <ClCompile Include="..\..\..\..\CocosWidget\LabelBMFont.cpp">
      <Filter>lib\CocosWidget</Filter>
    </ClCompile>
    <ClCompile Include="..\..\..\..\CocosWidget\Layout.cpp">
      <Filter>lib\CocosWidget</Filter>
    </ClCompile>
    <ClCompile Include="..\..\..\..\CocosWidget\ListView.cpp">
      <Filter>lib\CocosWidget</Filter>
    </ClCompile>
    <ClCompile Include="..\..\..\..\CocosWidget\NumericStepper.cpp">
      <Filter>lib\CocosWidget</Filter>
    </ClCompile>
    <ClCompile Include="..\..\..\..\CocosWidget\PageView.cpp">
      <Filter>lib\CocosWidget</Filter>
    </ClCompile>
    <ClCompile Include="..\..\..\..\CocosWidget\ProgressBar.cpp">
      <Filter>lib\CocosWidget</Filter>
    </ClCompile>
    <ClCompile Include="..\..\..\..\CocosWidget\Scale9Sprite.cpp">
      <Filter>lib\CocosWidget</Filter>
    </ClCompile>
    <ClCompile Include="..\..\..\..\CocosWidget\ScrollView.cpp">
      <Filter>lib\CocosWidget</Filter>
    </ClCompile>
    <ClCompile Include="..\..\..\..\CocosWidget\Slider.cpp">
      <Filter>lib\CocosWidget</Filter>
    </ClCompile>
    <ClCompile Include="..\..\..\..\CocosWidget\TableView.cpp">
      <Filter>lib\CocosWidget</Filter>
    </ClCompile>
    <ClCompile Include="..\..\..\..\CocosWidget\TextRich.cpp">
      <Filter>lib\CocosWidget</Filter>
    </ClCompile>
    <ClCompile Include="..\..\..\..\CocosWidget\ToggleView.cpp">
      <Filter>lib\CocosWidget</Filter>
    </ClCompile>
    <ClCompile Include="..\..\..\..\CocosWidget\Widget.cpp">
      <Filter>lib\CocosWidget</Filter>
    </ClCompile>
    <ClCompile Include="..\..\..\..\CocosWidget\WidgetProtocol.cpp">
      <Filter>lib\CocosWidget</Filter>
    </ClCompile>
    <ClCompile Include="..\..\..\..\CocosWidget\WidgetWindow.cpp">
      <Filter>lib\CocosWidget</Filter>
    </ClCompile>
    <ClCompile Include="..\..\..\..\CocosWidget\WitlsMacros.cpp">
      <Filter>lib\CocosWidget</Filter>
    </ClCompile>
    <ClCompile Include="..\..\..\..\CocosWidget\ArmatureBtn.cpp">
      <Filter>lib\CocosWidget</Filter>
    </ClCompile>
    <ClCompile Include="..\..\..\..\CocosWidget\Button.cpp">
      <Filter>lib\CocosWidget</Filter>
    </ClCompile>
    <ClCompile Include="..\..\..\..\CocosWidget\CheckBox.cpp">
      <Filter>lib\CocosWidget</Filter>
    </ClCompile>
    <ClCompile Include="..\..\..\..\CocosWidget\lua_cocos2dx_cocoswidget_auto.cpp">
      <Filter>lib\CocosWidget</Filter>
    </ClCompile>
    <ClCompile Include="..\Classes\AppDelegate.cpp">
      <Filter>Classes</Filter>
    </ClCompile>
    <ClCompile Include="..\Classes\tui\TuiManager.cpp">
      <Filter>lib\tui</Filter>
    </ClCompile>
    <ClCompile Include="..\Classes\tui\lua_cocos2dx_tui_auto.cpp">
      <Filter>lib\tui</Filter>
    </ClCompile>
    <ClCompile Include="..\Classes\tui\TuiBase.cpp">
      <Filter>lib\tui</Filter>
    </ClCompile>
    <ClCompile Include="..\..\..\..\CocosBase\lua_cocos2dx_cocosbase_auto.cpp">
      <Filter>lib\CocosBase</Filter>
    </ClCompile>
    <ClCompile Include="..\..\..\..\CocosBase\CCMsgDelegate.cpp">
      <Filter>lib\CocosBase</Filter>
    </ClCompile>
    <ClCompile Include="..\..\..\..\CocosBase\CCMsgManager.cpp">
      <Filter>lib\CocosBase</Filter>
    </ClCompile>
    <ClCompile Include="..\..\..\..\CocosBase\CCSceneExtension.cpp">
      <Filter>lib\CocosBase</Filter>
    </ClCompile>
    <ClCompile Include="..\..\..\..\CocosBase\CCSceneExTransition.cpp">
      <Filter>lib\CocosBase</Filter>
    </ClCompile>
    <ClCompile Include="..\..\..\..\CocosBase\CCSceneManager.cpp">
      <Filter>lib\CocosBase</Filter>
    </ClCompile>
    <ClCompile Include="..\..\..\..\CocosBase\CCBundle.cpp">
      <Filter>lib\CocosBase</Filter>
    </ClCompile>
    <ClCompile Include="..\Classes\tui\TuiUtil.cpp">
      <Filter>lib\tui</Filter>
    </ClCompile>
    <ClCompile Include="..\..\..\..\dragonbones\parsers\BaseDataParser.cpp">
      <Filter>lib\Dragonbones</Filter>
    </ClCompile>
    <ClCompile Include="..\..\..\..\dragonbones\parsers\ConstValues.cpp">
      <Filter>lib\Dragonbones</Filter>
    </ClCompile>
    <ClCompile Include="..\..\..\..\dragonbones\parsers\dbtinyxml2.cpp">
      <Filter>lib\Dragonbones</Filter>
    </ClCompile>
    <ClCompile Include="..\..\..\..\dragonbones\parsers\XMLDataParser.cpp">
      <Filter>lib\Dragonbones</Filter>
    </ClCompile>
    <ClCompile Include="..\..\..\..\dragonbones\renderer\cocos2d-x-3.2\DBCCArmature.cpp">
      <Filter>lib\Dragonbones</Filter>
    </ClCompile>
    <ClCompile Include="..\..\..\..\dragonbones\renderer\cocos2d-x-3.2\DBCCArmatureNode.cpp">
      <Filter>lib\Dragonbones</Filter>
    </ClCompile>
    <ClCompile Include="..\..\..\..\dragonbones\renderer\cocos2d-x-3.2\DBCCFactory.cpp">
      <Filter>lib\Dragonbones</Filter>
    </ClCompile>
    <ClCompile Include="..\..\..\..\dragonbones\renderer\cocos2d-x-3.2\DBCCSlot.cpp">
      <Filter>lib\Dragonbones</Filter>
    </ClCompile>
    <ClCompile Include="..\..\..\..\dragonbones\lua_dragonbones_auto.cpp">
      <Filter>lib\Dragonbones</Filter>
    </ClCompile>
    <ClCompile Include="..\..\..\..\dragonbones\animation\Animation.cpp">
      <Filter>lib\Dragonbones</Filter>
    </ClCompile>
    <ClCompile Include="..\..\..\..\dragonbones\animation\AnimationState.cpp">
      <Filter>lib\Dragonbones</Filter>
    </ClCompile>
    <ClCompile Include="..\..\..\..\dragonbones\animation\TimelineState.cpp">
      <Filter>lib\Dragonbones</Filter>
    </ClCompile>
    <ClCompile Include="..\..\..\..\dragonbones\animation\WorldClock.cpp">
      <Filter>lib\Dragonbones</Filter>
    </ClCompile>
    <ClCompile Include="..\..\..\..\dragonbones\core\Armature.cpp">
      <Filter>lib\Dragonbones</Filter>
    </ClCompile>
    <ClCompile Include="..\..\..\..\dragonbones\core\Bone.cpp">
      <Filter>lib\Dragonbones</Filter>
    </ClCompile>
    <ClCompile Include="..\..\..\..\dragonbones\core\Object.cpp">
      <Filter>lib\Dragonbones</Filter>
    </ClCompile>
    <ClCompile Include="..\..\..\..\dragonbones\core\Slot.cpp">
      <Filter>lib\Dragonbones</Filter>
    </ClCompile>
    <ClCompile Include="..\..\..\..\dragonbones\events\EventData.cpp">
      <Filter>lib\Dragonbones</Filter>
    </ClCompile>
    <ClCompile Include="..\..\..\..\dragonbones\factories\BaseFactory.cpp">
      <Filter>lib\Dragonbones</Filter>
    </ClCompile>
    <ClCompile Include="..\..\..\..\CocosNet\CCSocket.cpp">
      <Filter>lib\CocosNet</Filter>
    </ClCompile>
    <ClCompile Include="..\..\..\..\CocosNet\CCBuffer.cpp">
      <Filter>lib\CocosNet</Filter>
    </ClCompile>
    <ClCompile Include="..\..\..\..\CocosNet\CCInetAddress.cpp">
      <Filter>lib\CocosNet</Filter>
    </ClCompile>
    <ClCompile Include="..\..\..\..\CocosNet\CCNetDelegate.cpp">
      <Filter>lib\CocosNet</Filter>
    </ClCompile>
    <ClCompile Include="..\..\..\..\CocosNet\lua_cocos2dx_cocosnet_auto.cpp">
      <Filter>lib\CocosNet</Filter>
    </ClCompile>
  </ItemGroup>
  <ItemGroup>
    <ResourceCompile Include="game.rc">
      <Filter>resource</Filter>
    </ResourceCompile>
  </ItemGroup>
</Project>