// !$*UTF8*$!
{
	archiveVersion = 1;
	classes = {
	};
	objectVersion = 46;
	objects = {

/* Begin PBXBuildFile section */
		15A8A4441834C43700142BE0 /* libchipmunk iOS.a in Frameworks */ = {isa = PBXBuildFile; fileRef = 15A8A4291834BDA200142BE0 /* libchipmunk iOS.a */; };
		15A8A4451834C43700142BE0 /* libcocos2dx iOS.a in Frameworks */ = {isa = PBXBuildFile; fileRef = 15A8A4251834BDA200142BE0 /* libcocos2dx iOS.a */; };
		15A8A4461834C43700142BE0 /* libcocos2dx-extensions iOS.a in Frameworks */ = {isa = PBXBuildFile; fileRef = 15A8A4271834BDA200142BE0 /* libcocos2dx-extensions iOS.a */; };
		15A8A4471834C43700142BE0 /* libCocosDenshion iOS.a in Frameworks */ = {isa = PBXBuildFile; fileRef = 15A8A42D1834BDA200142BE0 /* libCocosDenshion iOS.a */; };
		15A8A4491834C64F00142BE0 /* Icon-114.png in Resources */ = {isa = PBXBuildFile; fileRef = 5023810C17EBBCAC00990C9B /* Icon-114.png */; };
		15A8A4821834C73500142BE0 /* libchipmunk Mac.a in Frameworks */ = {isa = PBXBuildFile; fileRef = 15A8A41B1834BDA200142BE0 /* libchipmunk Mac.a */; };
		15A8A4831834C73500142BE0 /* libcocos2dx Mac.a in Frameworks */ = {isa = PBXBuildFile; fileRef = 15A8A4171834BDA200142BE0 /* libcocos2dx Mac.a */; };
		15A8A4841834C73500142BE0 /* libcocos2dx-extensions Mac.a in Frameworks */ = {isa = PBXBuildFile; fileRef = 15A8A4191834BDA200142BE0 /* libcocos2dx-extensions Mac.a */; };
		15A8A4851834C73500142BE0 /* libCocosDenshion Mac.a in Frameworks */ = {isa = PBXBuildFile; fileRef = 15A8A41F1834BDA200142BE0 /* libCocosDenshion Mac.a */; };
		15A8A4881834C90F00142BE0 /* libcurl.dylib in Frameworks */ = {isa = PBXBuildFile; fileRef = 15A8A4871834C90E00142BE0 /* libcurl.dylib */; };
		1AF4C403178663F200122817 /* libz.dylib in Frameworks */ = {isa = PBXBuildFile; fileRef = 1AF4C402178663F200122817 /* libz.dylib */; };
		454DEE011976CFC8004315EC /* AppDelegate.cpp in Sources */ = {isa = PBXBuildFile; fileRef = 454DEDF31976CFC8004315EC /* AppDelegate.cpp */; };
		454DEE021976CFC8004315EC /* AppDelegate.cpp in Sources */ = {isa = PBXBuildFile; fileRef = 454DEDF31976CFC8004315EC /* AppDelegate.cpp */; };
		454DEE031976CFC8004315EC /* lua_cocos2dx_tui_auto.cpp in Sources */ = {isa = PBXBuildFile; fileRef = 454DEDF61976CFC8004315EC /* lua_cocos2dx_tui_auto.cpp */; };
		454DEE041976CFC8004315EC /* lua_cocos2dx_tui_auto.cpp in Sources */ = {isa = PBXBuildFile; fileRef = 454DEDF61976CFC8004315EC /* lua_cocos2dx_tui_auto.cpp */; };
		454DEE051976CFC8004315EC /* TuiBase.cpp in Sources */ = {isa = PBXBuildFile; fileRef = 454DEDF81976CFC8004315EC /* TuiBase.cpp */; };
		454DEE061976CFC8004315EC /* TuiBase.cpp in Sources */ = {isa = PBXBuildFile; fileRef = 454DEDF81976CFC8004315EC /* TuiBase.cpp */; };
		454DEE071976CFC8004315EC /* TuiManager.cpp in Sources */ = {isa = PBXBuildFile; fileRef = 454DEDFC1976CFC8004315EC /* TuiManager.cpp */; };
		454DEE081976CFC8004315EC /* TuiManager.cpp in Sources */ = {isa = PBXBuildFile; fileRef = 454DEDFC1976CFC8004315EC /* TuiManager.cpp */; };
		454DEE091976CFC8004315EC /* AnimationUtil.cpp in Sources */ = {isa = PBXBuildFile; fileRef = 454DEDFF1976CFC8004315EC /* AnimationUtil.cpp */; };
		454DEE0A1976CFC8004315EC /* AnimationUtil.cpp in Sources */ = {isa = PBXBuildFile; fileRef = 454DEDFF1976CFC8004315EC /* AnimationUtil.cpp */; };
		454DEE4F1976D00E004315EC /* ArmatureBtn.cpp in Sources */ = {isa = PBXBuildFile; fileRef = 454DEE0C1976D00E004315EC /* ArmatureBtn.cpp */; };
		454DEE501976D00E004315EC /* ArmatureBtn.cpp in Sources */ = {isa = PBXBuildFile; fileRef = 454DEE0C1976D00E004315EC /* ArmatureBtn.cpp */; };
		454DEE511976D00E004315EC /* Button.cpp in Sources */ = {isa = PBXBuildFile; fileRef = 454DEE0E1976D00E004315EC /* Button.cpp */; };
		454DEE521976D00E004315EC /* Button.cpp in Sources */ = {isa = PBXBuildFile; fileRef = 454DEE0E1976D00E004315EC /* Button.cpp */; };
		454DEE531976D00E004315EC /* CheckBox.cpp in Sources */ = {isa = PBXBuildFile; fileRef = 454DEE101976D00E004315EC /* CheckBox.cpp */; };
		454DEE541976D00E004315EC /* CheckBox.cpp in Sources */ = {isa = PBXBuildFile; fileRef = 454DEE101976D00E004315EC /* CheckBox.cpp */; };
		454DEE551976D00E004315EC /* CircleMenu.cpp in Sources */ = {isa = PBXBuildFile; fileRef = 454DEE121976D00E004315EC /* CircleMenu.cpp */; };
		454DEE561976D00E004315EC /* CircleMenu.cpp in Sources */ = {isa = PBXBuildFile; fileRef = 454DEE121976D00E004315EC /* CircleMenu.cpp */; };
		454DEE571976D00E004315EC /* ColorView.cpp in Sources */ = {isa = PBXBuildFile; fileRef = 454DEE151976D00E004315EC /* ColorView.cpp */; };
		454DEE581976D00E004315EC /* ColorView.cpp in Sources */ = {isa = PBXBuildFile; fileRef = 454DEE151976D00E004315EC /* ColorView.cpp */; };
		454DEE591976D00E004315EC /* ControlView.cpp in Sources */ = {isa = PBXBuildFile; fileRef = 454DEE171976D00E004315EC /* ControlView.cpp */; };
		454DEE5A1976D00E004315EC /* ControlView.cpp in Sources */ = {isa = PBXBuildFile; fileRef = 454DEE171976D00E004315EC /* ControlView.cpp */; };
		454DEE5B1976D00E004315EC /* ExpandableListView.cpp in Sources */ = {isa = PBXBuildFile; fileRef = 454DEE1A1976D00E004315EC /* ExpandableListView.cpp */; };
		454DEE5C1976D00E004315EC /* ExpandableListView.cpp in Sources */ = {isa = PBXBuildFile; fileRef = 454DEE1A1976D00E004315EC /* ExpandableListView.cpp */; };
		454DEE5D1976D00E004315EC /* GradientView.cpp in Sources */ = {isa = PBXBuildFile; fileRef = 454DEE1C1976D00E004315EC /* GradientView.cpp */; };
		454DEE5E1976D00E004315EC /* GradientView.cpp in Sources */ = {isa = PBXBuildFile; fileRef = 454DEE1C1976D00E004315EC /* GradientView.cpp */; };
		454DEE5F1976D00E004315EC /* GridPageView.cpp in Sources */ = {isa = PBXBuildFile; fileRef = 454DEE1E1976D00E004315EC /* GridPageView.cpp */; };
		454DEE601976D00E004315EC /* GridPageView.cpp in Sources */ = {isa = PBXBuildFile; fileRef = 454DEE1E1976D00E004315EC /* GridPageView.cpp */; };
		454DEE611976D00E004315EC /* GridView.cpp in Sources */ = {isa = PBXBuildFile; fileRef = 454DEE201976D00E004315EC /* GridView.cpp */; };
		454DEE621976D00E004315EC /* GridView.cpp in Sources */ = {isa = PBXBuildFile; fileRef = 454DEE201976D00E004315EC /* GridView.cpp */; };
		454DEE631976D00E004315EC /* ImageView.cpp in Sources */ = {isa = PBXBuildFile; fileRef = 454DEE221976D00E004315EC /* ImageView.cpp */; };
		454DEE641976D00E004315EC /* ImageView.cpp in Sources */ = {isa = PBXBuildFile; fileRef = 454DEE221976D00E004315EC /* ImageView.cpp */; };
		454DEE651976D00E004315EC /* ImageViewScale9.cpp in Sources */ = {isa = PBXBuildFile; fileRef = 454DEE241976D00E004315EC /* ImageViewScale9.cpp */; };
		454DEE661976D00E004315EC /* ImageViewScale9.cpp in Sources */ = {isa = PBXBuildFile; fileRef = 454DEE241976D00E004315EC /* ImageViewScale9.cpp */; };
		454DEE671976D00E004315EC /* Label.cpp in Sources */ = {isa = PBXBuildFile; fileRef = 454DEE261976D00E004315EC /* Label.cpp */; };
		454DEE681976D00E004315EC /* Label.cpp in Sources */ = {isa = PBXBuildFile; fileRef = 454DEE261976D00E004315EC /* Label.cpp */; };
		454DEE691976D00E004315EC /* LabelAtlas.cpp in Sources */ = {isa = PBXBuildFile; fileRef = 454DEE281976D00E004315EC /* LabelAtlas.cpp */; };
		454DEE6A1976D00E004315EC /* LabelAtlas.cpp in Sources */ = {isa = PBXBuildFile; fileRef = 454DEE281976D00E004315EC /* LabelAtlas.cpp */; };
		454DEE6B1976D00E004315EC /* LabelBMFont.cpp in Sources */ = {isa = PBXBuildFile; fileRef = 454DEE2A1976D00E004315EC /* LabelBMFont.cpp */; };
		454DEE6C1976D00E004315EC /* LabelBMFont.cpp in Sources */ = {isa = PBXBuildFile; fileRef = 454DEE2A1976D00E004315EC /* LabelBMFont.cpp */; };
		454DEE6D1976D00E004315EC /* Layout.cpp in Sources */ = {isa = PBXBuildFile; fileRef = 454DEE2C1976D00E004315EC /* Layout.cpp */; };
		454DEE6E1976D00E004315EC /* Layout.cpp in Sources */ = {isa = PBXBuildFile; fileRef = 454DEE2C1976D00E004315EC /* Layout.cpp */; };
		454DEE6F1976D00E004315EC /* ListView.cpp in Sources */ = {isa = PBXBuildFile; fileRef = 454DEE2E1976D00E004315EC /* ListView.cpp */; };
		454DEE701976D00E004315EC /* ListView.cpp in Sources */ = {isa = PBXBuildFile; fileRef = 454DEE2E1976D00E004315EC /* ListView.cpp */; };
		454DEE711976D00E004315EC /* lua_cocos2dx_cocoswidget_auto.cpp in Sources */ = {isa = PBXBuildFile; fileRef = 454DEE301976D00E004315EC /* lua_cocos2dx_cocoswidget_auto.cpp */; };
		454DEE721976D00E004315EC /* lua_cocos2dx_cocoswidget_auto.cpp in Sources */ = {isa = PBXBuildFile; fileRef = 454DEE301976D00E004315EC /* lua_cocos2dx_cocoswidget_auto.cpp */; };
		454DEE731976D00E004315EC /* MovieView.cpp in Sources */ = {isa = PBXBuildFile; fileRef = 454DEE321976D00E004315EC /* MovieView.cpp */; };
		454DEE741976D00E004315EC /* MovieView.cpp in Sources */ = {isa = PBXBuildFile; fileRef = 454DEE321976D00E004315EC /* MovieView.cpp */; };
		454DEE751976D00E004315EC /* NumericStepper.cpp in Sources */ = {isa = PBXBuildFile; fileRef = 454DEE341976D00E004315EC /* NumericStepper.cpp */; };
		454DEE761976D00E004315EC /* NumericStepper.cpp in Sources */ = {isa = PBXBuildFile; fileRef = 454DEE341976D00E004315EC /* NumericStepper.cpp */; };
		454DEE771976D00E004315EC /* PageView.cpp in Sources */ = {isa = PBXBuildFile; fileRef = 454DEE361976D00E004315EC /* PageView.cpp */; };
		454DEE781976D00E004315EC /* PageView.cpp in Sources */ = {isa = PBXBuildFile; fileRef = 454DEE361976D00E004315EC /* PageView.cpp */; };
		454DEE791976D00E004315EC /* ProgressBar.cpp in Sources */ = {isa = PBXBuildFile; fileRef = 454DEE381976D00E004315EC /* ProgressBar.cpp */; };
		454DEE7A1976D00E004315EC /* ProgressBar.cpp in Sources */ = {isa = PBXBuildFile; fileRef = 454DEE381976D00E004315EC /* ProgressBar.cpp */; };
		454DEE7B1976D00E004315EC /* Scale9Sprite.cpp in Sources */ = {isa = PBXBuildFile; fileRef = 454DEE3A1976D00E004315EC /* Scale9Sprite.cpp */; };
		454DEE7C1976D00E004315EC /* Scale9Sprite.cpp in Sources */ = {isa = PBXBuildFile; fileRef = 454DEE3A1976D00E004315EC /* Scale9Sprite.cpp */; };
		454DEE7D1976D00E004315EC /* ScrollView.cpp in Sources */ = {isa = PBXBuildFile; fileRef = 454DEE3C1976D00E004315EC /* ScrollView.cpp */; };
		454DEE7E1976D00E004315EC /* ScrollView.cpp in Sources */ = {isa = PBXBuildFile; fileRef = 454DEE3C1976D00E004315EC /* ScrollView.cpp */; };
		454DEE7F1976D00E004315EC /* Slider.cpp in Sources */ = {isa = PBXBuildFile; fileRef = 454DEE3E1976D00E004315EC /* Slider.cpp */; };
		454DEE801976D00E004315EC /* Slider.cpp in Sources */ = {isa = PBXBuildFile; fileRef = 454DEE3E1976D00E004315EC /* Slider.cpp */; };
		454DEE811976D00E004315EC /* TableView.cpp in Sources */ = {isa = PBXBuildFile; fileRef = 454DEE401976D00E004315EC /* TableView.cpp */; };
		454DEE821976D00E004315EC /* TableView.cpp in Sources */ = {isa = PBXBuildFile; fileRef = 454DEE401976D00E004315EC /* TableView.cpp */; };
		454DEE831976D00E004315EC /* TextRich.cpp in Sources */ = {isa = PBXBuildFile; fileRef = 454DEE421976D00E004315EC /* TextRich.cpp */; };
		454DEE841976D00E004315EC /* TextRich.cpp in Sources */ = {isa = PBXBuildFile; fileRef = 454DEE421976D00E004315EC /* TextRich.cpp */; };
		454DEE851976D00E004315EC /* ToggleView.cpp in Sources */ = {isa = PBXBuildFile; fileRef = 454DEE441976D00E004315EC /* ToggleView.cpp */; };
		454DEE861976D00E004315EC /* ToggleView.cpp in Sources */ = {isa = PBXBuildFile; fileRef = 454DEE441976D00E004315EC /* ToggleView.cpp */; };
		454DEE871976D00E004315EC /* Widget.cpp in Sources */ = {isa = PBXBuildFile; fileRef = 454DEE461976D00E004315EC /* Widget.cpp */; };
		454DEE881976D00E004315EC /* Widget.cpp in Sources */ = {isa = PBXBuildFile; fileRef = 454DEE461976D00E004315EC /* Widget.cpp */; };
		454DEE891976D00E004315EC /* WidgetProtocol.cpp in Sources */ = {isa = PBXBuildFile; fileRef = 454DEE491976D00E004315EC /* WidgetProtocol.cpp */; };
		454DEE8A1976D00E004315EC /* WidgetProtocol.cpp in Sources */ = {isa = PBXBuildFile; fileRef = 454DEE491976D00E004315EC /* WidgetProtocol.cpp */; };
		454DEE8B1976D00E004315EC /* WidgetWindow.cpp in Sources */ = {isa = PBXBuildFile; fileRef = 454DEE4B1976D00E004315EC /* WidgetWindow.cpp */; };
		454DEE8C1976D00E004315EC /* WidgetWindow.cpp in Sources */ = {isa = PBXBuildFile; fileRef = 454DEE4B1976D00E004315EC /* WidgetWindow.cpp */; };
		454DEE8D1976D00E004315EC /* WitlsMacros.cpp in Sources */ = {isa = PBXBuildFile; fileRef = 454DEE4D1976D00E004315EC /* WitlsMacros.cpp */; };
		454DEE8E1976D00E004315EC /* WitlsMacros.cpp in Sources */ = {isa = PBXBuildFile; fileRef = 454DEE4D1976D00E004315EC /* WitlsMacros.cpp */; };
		5023811817EBBCAC00990C9B /* AppController.mm in Sources */ = {isa = PBXBuildFile; fileRef = 5023810817EBBCAC00990C9B /* AppController.mm */; };
		5023811917EBBCAC00990C9B /* Default-568h@2x.png in Resources */ = {isa = PBXBuildFile; fileRef = 5023810917EBBCAC00990C9B /* Default-568h@2x.png */; };
		5023811A17EBBCAC00990C9B /* Default.png in Resources */ = {isa = PBXBuildFile; fileRef = 5023810A17EBBCAC00990C9B /* Default.png */; };
		5023811B17EBBCAC00990C9B /* Default@2x.png in Resources */ = {isa = PBXBuildFile; fileRef = 5023810B17EBBCAC00990C9B /* Default@2x.png */; };
		5023811D17EBBCAC00990C9B /* Icon-120.png in Resources */ = {isa = PBXBuildFile; fileRef = 5023810D17EBBCAC00990C9B /* Icon-120.png */; };
		5023811E17EBBCAC00990C9B /* Icon-144.png in Resources */ = {isa = PBXBuildFile; fileRef = 5023810E17EBBCAC00990C9B /* Icon-144.png */; };
		5023811F17EBBCAC00990C9B /* Icon-152.png in Resources */ = {isa = PBXBuildFile; fileRef = 5023810F17EBBCAC00990C9B /* Icon-152.png */; };
		5023812017EBBCAC00990C9B /* Icon-57.png in Resources */ = {isa = PBXBuildFile; fileRef = 5023811017EBBCAC00990C9B /* Icon-57.png */; };
		5023812117EBBCAC00990C9B /* Icon-72.png in Resources */ = {isa = PBXBuildFile; fileRef = 5023811117EBBCAC00990C9B /* Icon-72.png */; };
		5023812217EBBCAC00990C9B /* Icon-76.png in Resources */ = {isa = PBXBuildFile; fileRef = 5023811217EBBCAC00990C9B /* Icon-76.png */; };
		5023812417EBBCAC00990C9B /* main.m in Sources */ = {isa = PBXBuildFile; fileRef = 5023811417EBBCAC00990C9B /* main.m */; };
		5023812517EBBCAC00990C9B /* RootViewController.mm in Sources */ = {isa = PBXBuildFile; fileRef = 5023811717EBBCAC00990C9B /* RootViewController.mm */; };
		5023813717EBBCE400990C9B /* libz.dylib in Frameworks */ = {isa = PBXBuildFile; fileRef = 1AF4C402178663F200122817 /* libz.dylib */; };
		5023813E17EBBCE400990C9B /* QuartzCore.framework in Frameworks */ = {isa = PBXBuildFile; fileRef = F293B3CC15EB7BE500256477 /* QuartzCore.framework */; };
		5023814017EBBCE400990C9B /* OpenAL.framework in Frameworks */ = {isa = PBXBuildFile; fileRef = F293B3D015EB7BE500256477 /* OpenAL.framework */; };
		5023814117EBBCE400990C9B /* AudioToolbox.framework in Frameworks */ = {isa = PBXBuildFile; fileRef = F293B3D215EB7BE500256477 /* AudioToolbox.framework */; };
		5023814217EBBCE400990C9B /* AVFoundation.framework in Frameworks */ = {isa = PBXBuildFile; fileRef = F293B3D415EB7BE500256477 /* AVFoundation.framework */; };
		5023814417EBBCE400990C9B /* Foundation.framework in Frameworks */ = {isa = PBXBuildFile; fileRef = F293B3D815EB7BE500256477 /* Foundation.framework */; };
		5023814517EBBCE400990C9B /* CoreGraphics.framework in Frameworks */ = {isa = PBXBuildFile; fileRef = F293B3DA15EB7BE500256477 /* CoreGraphics.framework */; };
		5023817617EBBE3400990C9B /* Icon.icns in Resources */ = {isa = PBXBuildFile; fileRef = 5023817217EBBE3400990C9B /* Icon.icns */; };
		5023817A17EBBE8300990C9B /* OpenGLES.framework in Frameworks */ = {isa = PBXBuildFile; fileRef = 5023817917EBBE8300990C9B /* OpenGLES.framework */; };
		50805AAF17EBBEAA004CFAD3 /* UIKit.framework in Frameworks */ = {isa = PBXBuildFile; fileRef = 50805AAE17EBBEAA004CFAD3 /* UIKit.framework */; };
		5091733617ECE17A00D62437 /* Icon-29.png in Resources */ = {isa = PBXBuildFile; fileRef = 5091733017ECE17A00D62437 /* Icon-29.png */; };
		5091733717ECE17A00D62437 /* Icon-40.png in Resources */ = {isa = PBXBuildFile; fileRef = 5091733117ECE17A00D62437 /* Icon-40.png */; };
		5091733817ECE17A00D62437 /* Icon-50.png in Resources */ = {isa = PBXBuildFile; fileRef = 5091733217ECE17A00D62437 /* Icon-50.png */; };
		5091733917ECE17A00D62437 /* Icon-58.png in Resources */ = {isa = PBXBuildFile; fileRef = 5091733317ECE17A00D62437 /* Icon-58.png */; };
		5091733A17ECE17A00D62437 /* Icon-80.png in Resources */ = {isa = PBXBuildFile; fileRef = 5091733417ECE17A00D62437 /* Icon-80.png */; };
		5091733B17ECE17A00D62437 /* Icon-100.png in Resources */ = {isa = PBXBuildFile; fileRef = 5091733517ECE17A00D62437 /* Icon-100.png */; };
		50D7C96C17EBBEDF005D0B91 /* OpenGL.framework in Frameworks */ = {isa = PBXBuildFile; fileRef = 50D7C96B17EBBEDF005D0B91 /* OpenGL.framework */; };
		50D7C96E17EBBEE6005D0B91 /* AppKit.framework in Frameworks */ = {isa = PBXBuildFile; fileRef = 50D7C96D17EBBEE6005D0B91 /* AppKit.framework */; };
		50D7C97017EBBEEC005D0B91 /* IOKit.framework in Frameworks */ = {isa = PBXBuildFile; fileRef = 50D7C96F17EBBEEC005D0B91 /* IOKit.framework */; };
		C03781B918BF655400FE4F13 /* res in Resources */ = {isa = PBXBuildFile; fileRef = C03781B718BF655400FE4F13 /* res */; };
		C03781BA18BF655400FE4F13 /* res in Resources */ = {isa = PBXBuildFile; fileRef = C03781B718BF655400FE4F13 /* res */; };
		C03781BB18BF655400FE4F13 /* src in Resources */ = {isa = PBXBuildFile; fileRef = C03781B818BF655400FE4F13 /* src */; };
		C03781BC18BF655400FE4F13 /* src in Resources */ = {isa = PBXBuildFile; fileRef = C03781B818BF655400FE4F13 /* src */; };
		C03781CF18BF656A00FE4F13 /* AudioEngine.lua in Resources */ = {isa = PBXBuildFile; fileRef = C03781BD18BF656900FE4F13 /* AudioEngine.lua */; };
		C03781D018BF656A00FE4F13 /* AudioEngine.lua in Resources */ = {isa = PBXBuildFile; fileRef = C03781BD18BF656900FE4F13 /* AudioEngine.lua */; };
		C03781D118BF656A00FE4F13 /* CCBReaderLoad.lua in Resources */ = {isa = PBXBuildFile; fileRef = C03781BE18BF656900FE4F13 /* CCBReaderLoad.lua */; };
		C03781D218BF656A00FE4F13 /* CCBReaderLoad.lua in Resources */ = {isa = PBXBuildFile; fileRef = C03781BE18BF656900FE4F13 /* CCBReaderLoad.lua */; };
		C03781D318BF656A00FE4F13 /* Cocos2d.lua in Resources */ = {isa = PBXBuildFile; fileRef = C03781BF18BF656900FE4F13 /* Cocos2d.lua */; };
		C03781D418BF656A00FE4F13 /* Cocos2d.lua in Resources */ = {isa = PBXBuildFile; fileRef = C03781BF18BF656900FE4F13 /* Cocos2d.lua */; };
		C03781D518BF656A00FE4F13 /* Cocos2dConstants.lua in Resources */ = {isa = PBXBuildFile; fileRef = C03781C018BF656900FE4F13 /* Cocos2dConstants.lua */; };
		C03781D618BF656A00FE4F13 /* Cocos2dConstants.lua in Resources */ = {isa = PBXBuildFile; fileRef = C03781C018BF656900FE4F13 /* Cocos2dConstants.lua */; };
		C03781D718BF656A00FE4F13 /* CocoStudio.lua in Resources */ = {isa = PBXBuildFile; fileRef = C03781C118BF656900FE4F13 /* CocoStudio.lua */; };
		C03781D818BF656A00FE4F13 /* CocoStudio.lua in Resources */ = {isa = PBXBuildFile; fileRef = C03781C118BF656900FE4F13 /* CocoStudio.lua */; };
		C03781D918BF656A00FE4F13 /* Deprecated.lua in Resources */ = {isa = PBXBuildFile; fileRef = C03781C218BF656900FE4F13 /* Deprecated.lua */; };
		C03781DA18BF656A00FE4F13 /* Deprecated.lua in Resources */ = {isa = PBXBuildFile; fileRef = C03781C218BF656900FE4F13 /* Deprecated.lua */; };
		C03781DB18BF656A00FE4F13 /* DeprecatedClass.lua in Resources */ = {isa = PBXBuildFile; fileRef = C03781C318BF656900FE4F13 /* DeprecatedClass.lua */; };
		C03781DC18BF656A00FE4F13 /* DeprecatedClass.lua in Resources */ = {isa = PBXBuildFile; fileRef = C03781C318BF656900FE4F13 /* DeprecatedClass.lua */; };
		C03781DD18BF656A00FE4F13 /* DeprecatedEnum.lua in Resources */ = {isa = PBXBuildFile; fileRef = C03781C418BF656A00FE4F13 /* DeprecatedEnum.lua */; };
		C03781DE18BF656A00FE4F13 /* DeprecatedEnum.lua in Resources */ = {isa = PBXBuildFile; fileRef = C03781C418BF656A00FE4F13 /* DeprecatedEnum.lua */; };
		C03781DF18BF656A00FE4F13 /* DeprecatedOpenglEnum.lua in Resources */ = {isa = PBXBuildFile; fileRef = C03781C518BF656A00FE4F13 /* DeprecatedOpenglEnum.lua */; };
		C03781E018BF656A00FE4F13 /* DeprecatedOpenglEnum.lua in Resources */ = {isa = PBXBuildFile; fileRef = C03781C518BF656A00FE4F13 /* DeprecatedOpenglEnum.lua */; };
		C03781E118BF656A00FE4F13 /* DrawPrimitives.lua in Resources */ = {isa = PBXBuildFile; fileRef = C03781C618BF656A00FE4F13 /* DrawPrimitives.lua */; };
		C03781E218BF656A00FE4F13 /* DrawPrimitives.lua in Resources */ = {isa = PBXBuildFile; fileRef = C03781C618BF656A00FE4F13 /* DrawPrimitives.lua */; };
		C03781E318BF656A00FE4F13 /* extern.lua in Resources */ = {isa = PBXBuildFile; fileRef = C03781C718BF656A00FE4F13 /* extern.lua */; };
		C03781E418BF656A00FE4F13 /* extern.lua in Resources */ = {isa = PBXBuildFile; fileRef = C03781C718BF656A00FE4F13 /* extern.lua */; };
		C03781E518BF656A00FE4F13 /* GuiConstants.lua in Resources */ = {isa = PBXBuildFile; fileRef = C03781C818BF656A00FE4F13 /* GuiConstants.lua */; };
		C03781E618BF656A00FE4F13 /* GuiConstants.lua in Resources */ = {isa = PBXBuildFile; fileRef = C03781C818BF656A00FE4F13 /* GuiConstants.lua */; };
		C03781E718BF656A00FE4F13 /* json.lua in Resources */ = {isa = PBXBuildFile; fileRef = C03781C918BF656A00FE4F13 /* json.lua */; };
		C03781E818BF656A00FE4F13 /* json.lua in Resources */ = {isa = PBXBuildFile; fileRef = C03781C918BF656A00FE4F13 /* json.lua */; };
		C03781E918BF656A00FE4F13 /* luaj.lua in Resources */ = {isa = PBXBuildFile; fileRef = C03781CA18BF656A00FE4F13 /* luaj.lua */; };
		C03781EA18BF656A00FE4F13 /* luaj.lua in Resources */ = {isa = PBXBuildFile; fileRef = C03781CA18BF656A00FE4F13 /* luaj.lua */; };
		C03781EB18BF656A00FE4F13 /* luaoc.lua in Resources */ = {isa = PBXBuildFile; fileRef = C03781CB18BF656A00FE4F13 /* luaoc.lua */; };
		C03781EC18BF656A00FE4F13 /* luaoc.lua in Resources */ = {isa = PBXBuildFile; fileRef = C03781CB18BF656A00FE4F13 /* luaoc.lua */; };
		C03781ED18BF656A00FE4F13 /* Opengl.lua in Resources */ = {isa = PBXBuildFile; fileRef = C03781CC18BF656A00FE4F13 /* Opengl.lua */; };
		C03781EE18BF656A00FE4F13 /* Opengl.lua in Resources */ = {isa = PBXBuildFile; fileRef = C03781CC18BF656A00FE4F13 /* Opengl.lua */; };
		C03781EF18BF656A00FE4F13 /* OpenglConstants.lua in Resources */ = {isa = PBXBuildFile; fileRef = C03781CD18BF656A00FE4F13 /* OpenglConstants.lua */; };
		C03781F018BF656A00FE4F13 /* OpenglConstants.lua in Resources */ = {isa = PBXBuildFile; fileRef = C03781CD18BF656A00FE4F13 /* OpenglConstants.lua */; };
		C03781F118BF656A00FE4F13 /* StudioConstants.lua in Resources */ = {isa = PBXBuildFile; fileRef = C03781CE18BF656A00FE4F13 /* StudioConstants.lua */; };
		C03781F218BF656A00FE4F13 /* StudioConstants.lua in Resources */ = {isa = PBXBuildFile; fileRef = C03781CE18BF656A00FE4F13 /* StudioConstants.lua */; };
		C03781F518BF65A900FE4F13 /* libluabindings Mac.a in Frameworks */ = {isa = PBXBuildFile; fileRef = C03781B418BF654500FE4F13 /* libluabindings Mac.a */; };
		C03781F618BF65B100FE4F13 /* libluabindings iOS.a in Frameworks */ = {isa = PBXBuildFile; fileRef = C03781B618BF654500FE4F13 /* libluabindings iOS.a */; };
		C06E23C418CEF9740093C81A /* main.cpp in Sources */ = {isa = PBXBuildFile; fileRef = C06E23C318CEF9740093C81A /* main.cpp */; };
		D6B061351803AC000077942B /* CoreMotion.framework in Frameworks */ = {isa = PBXBuildFile; fileRef = D6B061341803AC000077942B /* CoreMotion.framework */; };
		F293B3CD15EB7BE500256477 /* QuartzCore.framework in Frameworks */ = {isa = PBXBuildFile; fileRef = F293B3CC15EB7BE500256477 /* QuartzCore.framework */; };
		F293B3D115EB7BE500256477 /* OpenAL.framework in Frameworks */ = {isa = PBXBuildFile; fileRef = F293B3D015EB7BE500256477 /* OpenAL.framework */; };
		F293B3D315EB7BE500256477 /* AudioToolbox.framework in Frameworks */ = {isa = PBXBuildFile; fileRef = F293B3D215EB7BE500256477 /* AudioToolbox.framework */; };
		F293B3D515EB7BE500256477 /* AVFoundation.framework in Frameworks */ = {isa = PBXBuildFile; fileRef = F293B3D415EB7BE500256477 /* AVFoundation.framework */; };
		F293B3D915EB7BE500256477 /* Foundation.framework in Frameworks */ = {isa = PBXBuildFile; fileRef = F293B3D815EB7BE500256477 /* Foundation.framework */; };
		F293B3DB15EB7BE500256477 /* CoreGraphics.framework in Frameworks */ = {isa = PBXBuildFile; fileRef = F293B3DA15EB7BE500256477 /* CoreGraphics.framework */; };
/* End PBXBuildFile section */

/* Begin PBXContainerItemProxy section */
		15A8A4161834BDA200142BE0 /* PBXContainerItemProxy */ = {
			isa = PBXContainerItemProxy;
			containerPortal = 15A8A4031834BDA200142BE0 /* cocos2d_libs.xcodeproj */;
			proxyType = 2;
			remoteGlobalIDString = 1551A33F158F2AB200E66CFE;
			remoteInfo = "cocos2dx Mac";
		};
		15A8A4181834BDA200142BE0 /* PBXContainerItemProxy */ = {
			isa = PBXContainerItemProxy;
			containerPortal = 15A8A4031834BDA200142BE0 /* cocos2d_libs.xcodeproj */;
			proxyType = 2;
			remoteGlobalIDString = A03F2FD617814595006731B9;
			remoteInfo = "cocos2dx-extensions Mac";
		};
		15A8A41A1834BDA200142BE0 /* PBXContainerItemProxy */ = {
			isa = PBXContainerItemProxy;
			containerPortal = 15A8A4031834BDA200142BE0 /* cocos2d_libs.xcodeproj */;
			proxyType = 2;
			remoteGlobalIDString = A03F2CB81780BD04006731B9;
			remoteInfo = "chipmunk Mac";
		};
		15A8A41C1834BDA200142BE0 /* PBXContainerItemProxy */ = {
			isa = PBXContainerItemProxy;
			containerPortal = 15A8A4031834BDA200142BE0 /* cocos2d_libs.xcodeproj */;
			proxyType = 2;
			remoteGlobalIDString = A03F2D9B1780BDF7006731B9;
			remoteInfo = "box2d Mac";
		};
		15A8A41E1834BDA200142BE0 /* PBXContainerItemProxy */ = {
			isa = PBXContainerItemProxy;
			containerPortal = 15A8A4031834BDA200142BE0 /* cocos2d_libs.xcodeproj */;
			proxyType = 2;
			remoteGlobalIDString = A03F2ED617814268006731B9;
			remoteInfo = "CocosDenshion Mac";
		};
		15A8A4241834BDA200142BE0 /* PBXContainerItemProxy */ = {
			isa = PBXContainerItemProxy;
			containerPortal = 15A8A4031834BDA200142BE0 /* cocos2d_libs.xcodeproj */;
			proxyType = 2;
			remoteGlobalIDString = A07A4D641783777C0073F6A7;
			remoteInfo = "cocos2dx iOS";
		};
		15A8A4261834BDA200142BE0 /* PBXContainerItemProxy */ = {
			isa = PBXContainerItemProxy;
			containerPortal = 15A8A4031834BDA200142BE0 /* cocos2d_libs.xcodeproj */;
			proxyType = 2;
			remoteGlobalIDString = A07A4EFC1783867C0073F6A7;
			remoteInfo = "cocos2dx-extensions iOS";
		};
		15A8A4281834BDA200142BE0 /* PBXContainerItemProxy */ = {
			isa = PBXContainerItemProxy;
			containerPortal = 15A8A4031834BDA200142BE0 /* cocos2d_libs.xcodeproj */;
			proxyType = 2;
			remoteGlobalIDString = A07A4F3B178387670073F6A7;
			remoteInfo = "chipmunk iOS";
		};
		15A8A42A1834BDA200142BE0 /* PBXContainerItemProxy */ = {
			isa = PBXContainerItemProxy;
			containerPortal = 15A8A4031834BDA200142BE0 /* cocos2d_libs.xcodeproj */;
			proxyType = 2;
			remoteGlobalIDString = A07A4F9E1783876B0073F6A7;
			remoteInfo = "box2d iOS";
		};
		15A8A42C1834BDA200142BE0 /* PBXContainerItemProxy */ = {
			isa = PBXContainerItemProxy;
			containerPortal = 15A8A4031834BDA200142BE0 /* cocos2d_libs.xcodeproj */;
			proxyType = 2;
			remoteGlobalIDString = A07A4FB4178387730073F6A7;
			remoteInfo = "CocosDenshion iOS";
		};
		C03781B318BF654500FE4F13 /* PBXContainerItemProxy */ = {
			isa = PBXContainerItemProxy;
			containerPortal = C03781AE18BF654500FE4F13 /* cocos2d_lua_bindings.xcodeproj */;
			proxyType = 2;
			remoteGlobalIDString = 1AACE74618BC45A000215002;
			remoteInfo = "luabindings Mac";
		};
		C03781B518BF654500FE4F13 /* PBXContainerItemProxy */ = {
			isa = PBXContainerItemProxy;
			containerPortal = C03781AE18BF654500FE4F13 /* cocos2d_lua_bindings.xcodeproj */;
			proxyType = 2;
			remoteGlobalIDString = 1AACE74718BC45A000215002;
			remoteInfo = "luabindings iOS";
		};
		C03781F318BF659D00FE4F13 /* PBXContainerItemProxy */ = {
			isa = PBXContainerItemProxy;
			containerPortal = C03781AE18BF654500FE4F13 /* cocos2d_lua_bindings.xcodeproj */;
			proxyType = 1;
			remoteGlobalIDString = 1A6FB50417854BC200CDF010;
			remoteInfo = "luabindings Mac";
		};
		C03781F718BF65B500FE4F13 /* PBXContainerItemProxy */ = {
			isa = PBXContainerItemProxy;
			containerPortal = C03781AE18BF654500FE4F13 /* cocos2d_lua_bindings.xcodeproj */;
			proxyType = 1;
			remoteGlobalIDString = 1A119716178526AA00D62A44;
			remoteInfo = "luabindings iOS";
		};
		C0A2F02618975FD30072A7AB /* PBXContainerItemProxy */ = {
			isa = PBXContainerItemProxy;
			containerPortal = 15A8A4031834BDA200142BE0 /* cocos2d_libs.xcodeproj */;
			proxyType = 1;
			remoteGlobalIDString = A03F2B781780BD04006731B9;
			remoteInfo = "chipmunk Mac";
		};
		C0A2F03818975FDA0072A7AB /* PBXContainerItemProxy */ = {
			isa = PBXContainerItemProxy;
			containerPortal = 15A8A4031834BDA200142BE0 /* cocos2d_libs.xcodeproj */;
			proxyType = 1;
			remoteGlobalIDString = A03F2D5D1780BDF7006731B9;
			remoteInfo = "box2d Mac";
		};
		C0A2F03A18975FE20072A7AB /* PBXContainerItemProxy */ = {
			isa = PBXContainerItemProxy;
			containerPortal = 15A8A4031834BDA200142BE0 /* cocos2d_libs.xcodeproj */;
			proxyType = 1;
			remoteGlobalIDString = A03F2FC117814595006731B9;
			remoteInfo = "cocos2dx-extensions Mac";
		};
		C0A2F03C18975FEB0072A7AB /* PBXContainerItemProxy */ = {
			isa = PBXContainerItemProxy;
			containerPortal = 15A8A4031834BDA200142BE0 /* cocos2d_libs.xcodeproj */;
			proxyType = 1;
			remoteGlobalIDString = A03F2E9817814268006731B9;
			remoteInfo = "CocosDenshion Mac";
		};
		C0A2F04018975FF80072A7AB /* PBXContainerItemProxy */ = {
			isa = PBXContainerItemProxy;
			containerPortal = 15A8A4031834BDA200142BE0 /* cocos2d_libs.xcodeproj */;
			proxyType = 1;
			remoteGlobalIDString = 1551A33E158F2AB200E66CFE;
			remoteInfo = "cocos2dx Mac";
		};
		C0A2F0421897600E0072A7AB /* PBXContainerItemProxy */ = {
			isa = PBXContainerItemProxy;
			containerPortal = 15A8A4031834BDA200142BE0 /* cocos2d_libs.xcodeproj */;
			proxyType = 1;
			remoteGlobalIDString = A07A4C241783777C0073F6A7;
			remoteInfo = "cocos2dx iOS";
		};
		C0A2F0441897600E0072A7AB /* PBXContainerItemProxy */ = {
			isa = PBXContainerItemProxy;
			containerPortal = 15A8A4031834BDA200142BE0 /* cocos2d_libs.xcodeproj */;
			proxyType = 1;
			remoteGlobalIDString = A07A4E111783867C0073F6A7;
			remoteInfo = "cocos2dx-extensions iOS";
		};
		C0A2F0461897600E0072A7AB /* PBXContainerItemProxy */ = {
			isa = PBXContainerItemProxy;
			containerPortal = 15A8A4031834BDA200142BE0 /* cocos2d_libs.xcodeproj */;
			proxyType = 1;
			remoteGlobalIDString = A07A4EFD178387670073F6A7;
			remoteInfo = "chipmunk iOS";
		};
		C0A2F0481897600E0072A7AB /* PBXContainerItemProxy */ = {
			isa = PBXContainerItemProxy;
			containerPortal = 15A8A4031834BDA200142BE0 /* cocos2d_libs.xcodeproj */;
			proxyType = 1;
			remoteGlobalIDString = A07A4F3C1783876B0073F6A7;
			remoteInfo = "box2d iOS";
		};
		C0A2F04A1897600E0072A7AB /* PBXContainerItemProxy */ = {
			isa = PBXContainerItemProxy;
			containerPortal = 15A8A4031834BDA200142BE0 /* cocos2d_libs.xcodeproj */;
			proxyType = 1;
			remoteGlobalIDString = A07A4F9F178387730073F6A7;
			remoteInfo = "CocosDenshion iOS";
		};
/* End PBXContainerItemProxy section */

/* Begin PBXFileReference section */
		15A8A4031834BDA200142BE0 /* cocos2d_libs.xcodeproj */ = {isa = PBXFileReference; lastKnownFileType = "wrapper.pb-project"; name = cocos2d_libs.xcodeproj; path = "../../cocos2d-x/build/cocos2d_libs.xcodeproj"; sourceTree = "<group>"; };
		15A8A4871834C90E00142BE0 /* libcurl.dylib */ = {isa = PBXFileReference; lastKnownFileType = "compiled.mach-o.dylib"; name = libcurl.dylib; path = usr/lib/libcurl.dylib; sourceTree = SDKROOT; };
		15C1568D1683131500D239F2 /* libcurl.a */ = {isa = PBXFileReference; lastKnownFileType = archive.ar; name = libcurl.a; path = "../../cocos2d-x/cocos2dx/platform/third_party/ios/libraries/libcurl.a"; sourceTree = "<group>"; };
		1AF4C402178663F200122817 /* libz.dylib */ = {isa = PBXFileReference; lastKnownFileType = "compiled.mach-o.dylib"; name = libz.dylib; path = usr/lib/libz.dylib; sourceTree = SDKROOT; };
		454DEDF31976CFC8004315EC /* AppDelegate.cpp */ = {isa = PBXFileReference; fileEncoding = 4; lastKnownFileType = sourcecode.cpp.cpp; path = AppDelegate.cpp; sourceTree = "<group>"; };
		454DEDF41976CFC8004315EC /* AppDelegate.h */ = {isa = PBXFileReference; fileEncoding = 4; lastKnownFileType = sourcecode.c.h; path = AppDelegate.h; sourceTree = "<group>"; };
		454DEDF61976CFC8004315EC /* lua_cocos2dx_tui_auto.cpp */ = {isa = PBXFileReference; fileEncoding = 4; lastKnownFileType = sourcecode.cpp.cpp; path = lua_cocos2dx_tui_auto.cpp; sourceTree = "<group>"; };
		454DEDF71976CFC8004315EC /* lua_cocos2dx_tui_auto.hpp */ = {isa = PBXFileReference; fileEncoding = 4; lastKnownFileType = sourcecode.cpp.h; path = lua_cocos2dx_tui_auto.hpp; sourceTree = "<group>"; };
		454DEDF81976CFC8004315EC /* TuiBase.cpp */ = {isa = PBXFileReference; fileEncoding = 4; lastKnownFileType = sourcecode.cpp.cpp; path = TuiBase.cpp; sourceTree = "<group>"; };
		454DEDF91976CFC8004315EC /* TuiBase.h */ = {isa = PBXFileReference; fileEncoding = 4; lastKnownFileType = sourcecode.c.h; path = TuiBase.h; sourceTree = "<group>"; };
		454DEDFA1976CFC8004315EC /* tuiconsts.h */ = {isa = PBXFileReference; fileEncoding = 4; lastKnownFileType = sourcecode.c.h; path = tuiconsts.h; sourceTree = "<group>"; };
		454DEDFB1976CFC8004315EC /* TuiMacros.h */ = {isa = PBXFileReference; fileEncoding = 4; lastKnownFileType = sourcecode.c.h; path = TuiMacros.h; sourceTree = "<group>"; };
		454DEDFC1976CFC8004315EC /* TuiManager.cpp */ = {isa = PBXFileReference; fileEncoding = 4; lastKnownFileType = sourcecode.cpp.cpp; path = TuiManager.cpp; sourceTree = "<group>"; };
		454DEDFD1976CFC8004315EC /* TuiManager.h */ = {isa = PBXFileReference; fileEncoding = 4; lastKnownFileType = sourcecode.c.h; path = TuiManager.h; sourceTree = "<group>"; };
		454DEDFF1976CFC8004315EC /* AnimationUtil.cpp */ = {isa = PBXFileReference; fileEncoding = 4; lastKnownFileType = sourcecode.cpp.cpp; path = AnimationUtil.cpp; sourceTree = "<group>"; };
		454DEE001976CFC8004315EC /* AnimationUtil.h */ = {isa = PBXFileReference; fileEncoding = 4; lastKnownFileType = sourcecode.c.h; path = AnimationUtil.h; sourceTree = "<group>"; };
		454DEE0C1976D00E004315EC /* ArmatureBtn.cpp */ = {isa = PBXFileReference; fileEncoding = 4; lastKnownFileType = sourcecode.cpp.cpp; path = ArmatureBtn.cpp; sourceTree = "<group>"; };
		454DEE0D1976D00E004315EC /* ArmatureBtn.h */ = {isa = PBXFileReference; fileEncoding = 4; lastKnownFileType = sourcecode.c.h; path = ArmatureBtn.h; sourceTree = "<group>"; };
		454DEE0E1976D00E004315EC /* Button.cpp */ = {isa = PBXFileReference; fileEncoding = 4; lastKnownFileType = sourcecode.cpp.cpp; path = Button.cpp; sourceTree = "<group>"; };
		454DEE0F1976D00E004315EC /* Button.h */ = {isa = PBXFileReference; fileEncoding = 4; lastKnownFileType = sourcecode.c.h; path = Button.h; sourceTree = "<group>"; };
		454DEE101976D00E004315EC /* CheckBox.cpp */ = {isa = PBXFileReference; fileEncoding = 4; lastKnownFileType = sourcecode.cpp.cpp; path = CheckBox.cpp; sourceTree = "<group>"; };
		454DEE111976D00E004315EC /* CheckBox.h */ = {isa = PBXFileReference; fileEncoding = 4; lastKnownFileType = sourcecode.c.h; path = CheckBox.h; sourceTree = "<group>"; };
		454DEE121976D00E004315EC /* CircleMenu.cpp */ = {isa = PBXFileReference; fileEncoding = 4; lastKnownFileType = sourcecode.cpp.cpp; path = CircleMenu.cpp; sourceTree = "<group>"; };
		454DEE131976D00E004315EC /* CircleMenu.h */ = {isa = PBXFileReference; fileEncoding = 4; lastKnownFileType = sourcecode.c.h; path = CircleMenu.h; sourceTree = "<group>"; };
		454DEE141976D00E004315EC /* cocos-widget.h */ = {isa = PBXFileReference; fileEncoding = 4; lastKnownFileType = sourcecode.c.h; path = "cocos-widget.h"; sourceTree = "<group>"; };
		454DEE151976D00E004315EC /* ColorView.cpp */ = {isa = PBXFileReference; fileEncoding = 4; lastKnownFileType = sourcecode.cpp.cpp; path = ColorView.cpp; sourceTree = "<group>"; };
		454DEE161976D00E004315EC /* ColorView.h */ = {isa = PBXFileReference; fileEncoding = 4; lastKnownFileType = sourcecode.c.h; path = ColorView.h; sourceTree = "<group>"; };
		454DEE171976D00E004315EC /* ControlView.cpp */ = {isa = PBXFileReference; fileEncoding = 4; lastKnownFileType = sourcecode.cpp.cpp; path = ControlView.cpp; sourceTree = "<group>"; };
		454DEE181976D00E004315EC /* ControlView.h */ = {isa = PBXFileReference; fileEncoding = 4; lastKnownFileType = sourcecode.c.h; path = ControlView.h; sourceTree = "<group>"; };
		454DEE191976D00E004315EC /* Ease.h */ = {isa = PBXFileReference; fileEncoding = 4; lastKnownFileType = sourcecode.c.h; path = Ease.h; sourceTree = "<group>"; };
		454DEE1A1976D00E004315EC /* ExpandableListView.cpp */ = {isa = PBXFileReference; fileEncoding = 4; lastKnownFileType = sourcecode.cpp.cpp; path = ExpandableListView.cpp; sourceTree = "<group>"; };
		454DEE1B1976D00E004315EC /* ExpandableListView.h */ = {isa = PBXFileReference; fileEncoding = 4; lastKnownFileType = sourcecode.c.h; path = ExpandableListView.h; sourceTree = "<group>"; };
		454DEE1C1976D00E004315EC /* GradientView.cpp */ = {isa = PBXFileReference; fileEncoding = 4; lastKnownFileType = sourcecode.cpp.cpp; path = GradientView.cpp; sourceTree = "<group>"; };
		454DEE1D1976D00E004315EC /* GradientView.h */ = {isa = PBXFileReference; fileEncoding = 4; lastKnownFileType = sourcecode.c.h; path = GradientView.h; sourceTree = "<group>"; };
		454DEE1E1976D00E004315EC /* GridPageView.cpp */ = {isa = PBXFileReference; fileEncoding = 4; lastKnownFileType = sourcecode.cpp.cpp; path = GridPageView.cpp; sourceTree = "<group>"; };
		454DEE1F1976D00E004315EC /* GridPageView.h */ = {isa = PBXFileReference; fileEncoding = 4; lastKnownFileType = sourcecode.c.h; path = GridPageView.h; sourceTree = "<group>"; };
		454DEE201976D00E004315EC /* GridView.cpp */ = {isa = PBXFileReference; fileEncoding = 4; lastKnownFileType = sourcecode.cpp.cpp; path = GridView.cpp; sourceTree = "<group>"; };
		454DEE211976D00E004315EC /* GridView.h */ = {isa = PBXFileReference; fileEncoding = 4; lastKnownFileType = sourcecode.c.h; path = GridView.h; sourceTree = "<group>"; };
		454DEE221976D00E004315EC /* ImageView.cpp */ = {isa = PBXFileReference; fileEncoding = 4; lastKnownFileType = sourcecode.cpp.cpp; path = ImageView.cpp; sourceTree = "<group>"; };
		454DEE231976D00E004315EC /* ImageView.h */ = {isa = PBXFileReference; fileEncoding = 4; lastKnownFileType = sourcecode.c.h; path = ImageView.h; sourceTree = "<group>"; };
		454DEE241976D00E004315EC /* ImageViewScale9.cpp */ = {isa = PBXFileReference; fileEncoding = 4; lastKnownFileType = sourcecode.cpp.cpp; path = ImageViewScale9.cpp; sourceTree = "<group>"; };
		454DEE251976D00E004315EC /* ImageViewScale9.h */ = {isa = PBXFileReference; fileEncoding = 4; lastKnownFileType = sourcecode.c.h; path = ImageViewScale9.h; sourceTree = "<group>"; };
		454DEE261976D00E004315EC /* Label.cpp */ = {isa = PBXFileReference; fileEncoding = 4; lastKnownFileType = sourcecode.cpp.cpp; path = Label.cpp; sourceTree = "<group>"; };
		454DEE271976D00E004315EC /* Label.h */ = {isa = PBXFileReference; fileEncoding = 4; lastKnownFileType = sourcecode.c.h; path = Label.h; sourceTree = "<group>"; };
		454DEE281976D00E004315EC /* LabelAtlas.cpp */ = {isa = PBXFileReference; fileEncoding = 4; lastKnownFileType = sourcecode.cpp.cpp; path = LabelAtlas.cpp; sourceTree = "<group>"; };
		454DEE291976D00E004315EC /* LabelAtlas.h */ = {isa = PBXFileReference; fileEncoding = 4; lastKnownFileType = sourcecode.c.h; path = LabelAtlas.h; sourceTree = "<group>"; };
		454DEE2A1976D00E004315EC /* LabelBMFont.cpp */ = {isa = PBXFileReference; fileEncoding = 4; lastKnownFileType = sourcecode.cpp.cpp; path = LabelBMFont.cpp; sourceTree = "<group>"; };
		454DEE2B1976D00E004315EC /* LabelBMFont.h */ = {isa = PBXFileReference; fileEncoding = 4; lastKnownFileType = sourcecode.c.h; path = LabelBMFont.h; sourceTree = "<group>"; };
		454DEE2C1976D00E004315EC /* Layout.cpp */ = {isa = PBXFileReference; fileEncoding = 4; lastKnownFileType = sourcecode.cpp.cpp; path = Layout.cpp; sourceTree = "<group>"; };
		454DEE2D1976D00E004315EC /* Layout.h */ = {isa = PBXFileReference; fileEncoding = 4; lastKnownFileType = sourcecode.c.h; path = Layout.h; sourceTree = "<group>"; };
		454DEE2E1976D00E004315EC /* ListView.cpp */ = {isa = PBXFileReference; fileEncoding = 4; lastKnownFileType = sourcecode.cpp.cpp; path = ListView.cpp; sourceTree = "<group>"; };
		454DEE2F1976D00E004315EC /* ListView.h */ = {isa = PBXFileReference; fileEncoding = 4; lastKnownFileType = sourcecode.c.h; path = ListView.h; sourceTree = "<group>"; };
		454DEE301976D00E004315EC /* lua_cocos2dx_cocoswidget_auto.cpp */ = {isa = PBXFileReference; fileEncoding = 4; lastKnownFileType = sourcecode.cpp.cpp; path = lua_cocos2dx_cocoswidget_auto.cpp; sourceTree = "<group>"; };
		454DEE311976D00E004315EC /* lua_cocos2dx_cocoswidget_auto.hpp */ = {isa = PBXFileReference; fileEncoding = 4; lastKnownFileType = sourcecode.cpp.h; path = lua_cocos2dx_cocoswidget_auto.hpp; sourceTree = "<group>"; };
		454DEE321976D00E004315EC /* MovieView.cpp */ = {isa = PBXFileReference; fileEncoding = 4; lastKnownFileType = sourcecode.cpp.cpp; path = MovieView.cpp; sourceTree = "<group>"; };
		454DEE331976D00E004315EC /* MovieView.h */ = {isa = PBXFileReference; fileEncoding = 4; lastKnownFileType = sourcecode.c.h; path = MovieView.h; sourceTree = "<group>"; };
		454DEE341976D00E004315EC /* NumericStepper.cpp */ = {isa = PBXFileReference; fileEncoding = 4; lastKnownFileType = sourcecode.cpp.cpp; path = NumericStepper.cpp; sourceTree = "<group>"; };
		454DEE351976D00E004315EC /* NumericStepper.h */ = {isa = PBXFileReference; fileEncoding = 4; lastKnownFileType = sourcecode.c.h; path = NumericStepper.h; sourceTree = "<group>"; };
		454DEE361976D00E004315EC /* PageView.cpp */ = {isa = PBXFileReference; fileEncoding = 4; lastKnownFileType = sourcecode.cpp.cpp; path = PageView.cpp; sourceTree = "<group>"; };
		454DEE371976D00E004315EC /* PageView.h */ = {isa = PBXFileReference; fileEncoding = 4; lastKnownFileType = sourcecode.c.h; path = PageView.h; sourceTree = "<group>"; };
		454DEE381976D00E004315EC /* ProgressBar.cpp */ = {isa = PBXFileReference; fileEncoding = 4; lastKnownFileType = sourcecode.cpp.cpp; path = ProgressBar.cpp; sourceTree = "<group>"; };
		454DEE391976D00E004315EC /* ProgressBar.h */ = {isa = PBXFileReference; fileEncoding = 4; lastKnownFileType = sourcecode.c.h; path = ProgressBar.h; sourceTree = "<group>"; };
		454DEE3A1976D00E004315EC /* Scale9Sprite.cpp */ = {isa = PBXFileReference; fileEncoding = 4; lastKnownFileType = sourcecode.cpp.cpp; path = Scale9Sprite.cpp; sourceTree = "<group>"; };
		454DEE3B1976D00E004315EC /* Scale9Sprite.h */ = {isa = PBXFileReference; fileEncoding = 4; lastKnownFileType = sourcecode.c.h; path = Scale9Sprite.h; sourceTree = "<group>"; };
		454DEE3C1976D00E004315EC /* ScrollView.cpp */ = {isa = PBXFileReference; fileEncoding = 4; lastKnownFileType = sourcecode.cpp.cpp; path = ScrollView.cpp; sourceTree = "<group>"; };
		454DEE3D1976D00E004315EC /* ScrollView.h */ = {isa = PBXFileReference; fileEncoding = 4; lastKnownFileType = sourcecode.c.h; path = ScrollView.h; sourceTree = "<group>"; };
		454DEE3E1976D00E004315EC /* Slider.cpp */ = {isa = PBXFileReference; fileEncoding = 4; lastKnownFileType = sourcecode.cpp.cpp; path = Slider.cpp; sourceTree = "<group>"; };
		454DEE3F1976D00E004315EC /* Slider.h */ = {isa = PBXFileReference; fileEncoding = 4; lastKnownFileType = sourcecode.c.h; path = Slider.h; sourceTree = "<group>"; };
		454DEE401976D00E004315EC /* TableView.cpp */ = {isa = PBXFileReference; fileEncoding = 4; lastKnownFileType = sourcecode.cpp.cpp; path = TableView.cpp; sourceTree = "<group>"; };
		454DEE411976D00E004315EC /* TableView.h */ = {isa = PBXFileReference; fileEncoding = 4; lastKnownFileType = sourcecode.c.h; path = TableView.h; sourceTree = "<group>"; };
		454DEE421976D00E004315EC /* TextRich.cpp */ = {isa = PBXFileReference; fileEncoding = 4; lastKnownFileType = sourcecode.cpp.cpp; path = TextRich.cpp; sourceTree = "<group>"; };
		454DEE431976D00E004315EC /* TextRich.h */ = {isa = PBXFileReference; fileEncoding = 4; lastKnownFileType = sourcecode.c.h; path = TextRich.h; sourceTree = "<group>"; };
		454DEE441976D00E004315EC /* ToggleView.cpp */ = {isa = PBXFileReference; fileEncoding = 4; lastKnownFileType = sourcecode.cpp.cpp; path = ToggleView.cpp; sourceTree = "<group>"; };
		454DEE451976D00E004315EC /* ToggleView.h */ = {isa = PBXFileReference; fileEncoding = 4; lastKnownFileType = sourcecode.c.h; path = ToggleView.h; sourceTree = "<group>"; };
		454DEE461976D00E004315EC /* Widget.cpp */ = {isa = PBXFileReference; fileEncoding = 4; lastKnownFileType = sourcecode.cpp.cpp; path = Widget.cpp; sourceTree = "<group>"; };
		454DEE471976D00E004315EC /* Widget.h */ = {isa = PBXFileReference; fileEncoding = 4; lastKnownFileType = sourcecode.c.h; path = Widget.h; sourceTree = "<group>"; };
		454DEE481976D00E004315EC /* WidgetMacros.h */ = {isa = PBXFileReference; fileEncoding = 4; lastKnownFileType = sourcecode.c.h; path = WidgetMacros.h; sourceTree = "<group>"; };
		454DEE491976D00E004315EC /* WidgetProtocol.cpp */ = {isa = PBXFileReference; fileEncoding = 4; lastKnownFileType = sourcecode.cpp.cpp; path = WidgetProtocol.cpp; sourceTree = "<group>"; };
		454DEE4A1976D00E004315EC /* WidgetProtocol.h */ = {isa = PBXFileReference; fileEncoding = 4; lastKnownFileType = sourcecode.c.h; path = WidgetProtocol.h; sourceTree = "<group>"; };
		454DEE4B1976D00E004315EC /* WidgetWindow.cpp */ = {isa = PBXFileReference; fileEncoding = 4; lastKnownFileType = sourcecode.cpp.cpp; path = WidgetWindow.cpp; sourceTree = "<group>"; };
		454DEE4C1976D00E004315EC /* WidgetWindow.h */ = {isa = PBXFileReference; fileEncoding = 4; lastKnownFileType = sourcecode.c.h; path = WidgetWindow.h; sourceTree = "<group>"; };
		454DEE4D1976D00E004315EC /* WitlsMacros.cpp */ = {isa = PBXFileReference; fileEncoding = 4; lastKnownFileType = sourcecode.cpp.cpp; path = WitlsMacros.cpp; sourceTree = "<group>"; };
		454DEE4E1976D00E004315EC /* WitlsMacros.h */ = {isa = PBXFileReference; fileEncoding = 4; lastKnownFileType = sourcecode.c.h; path = WitlsMacros.h; sourceTree = "<group>"; };
		5023810717EBBCAC00990C9B /* AppController.h */ = {isa = PBXFileReference; fileEncoding = 4; lastKnownFileType = sourcecode.c.h; path = AppController.h; sourceTree = "<group>"; };
		5023810817EBBCAC00990C9B /* AppController.mm */ = {isa = PBXFileReference; fileEncoding = 4; lastKnownFileType = sourcecode.cpp.objcpp; path = AppController.mm; sourceTree = "<group>"; };
		5023810917EBBCAC00990C9B /* Default-568h@2x.png */ = {isa = PBXFileReference; lastKnownFileType = image.png; path = "Default-568h@2x.png"; sourceTree = "<group>"; };
		5023810A17EBBCAC00990C9B /* Default.png */ = {isa = PBXFileReference; lastKnownFileType = image.png; path = Default.png; sourceTree = "<group>"; };
		5023810B17EBBCAC00990C9B /* Default@2x.png */ = {isa = PBXFileReference; lastKnownFileType = image.png; path = "Default@2x.png"; sourceTree = "<group>"; };
		5023810C17EBBCAC00990C9B /* Icon-114.png */ = {isa = PBXFileReference; lastKnownFileType = image.png; path = "Icon-114.png"; sourceTree = "<group>"; };
		5023810D17EBBCAC00990C9B /* Icon-120.png */ = {isa = PBXFileReference; lastKnownFileType = image.png; path = "Icon-120.png"; sourceTree = "<group>"; };
		5023810E17EBBCAC00990C9B /* Icon-144.png */ = {isa = PBXFileReference; lastKnownFileType = image.png; path = "Icon-144.png"; sourceTree = "<group>"; };
		5023810F17EBBCAC00990C9B /* Icon-152.png */ = {isa = PBXFileReference; lastKnownFileType = image.png; path = "Icon-152.png"; sourceTree = "<group>"; };
		5023811017EBBCAC00990C9B /* Icon-57.png */ = {isa = PBXFileReference; lastKnownFileType = image.png; path = "Icon-57.png"; sourceTree = "<group>"; };
		5023811117EBBCAC00990C9B /* Icon-72.png */ = {isa = PBXFileReference; lastKnownFileType = image.png; path = "Icon-72.png"; sourceTree = "<group>"; };
		5023811217EBBCAC00990C9B /* Icon-76.png */ = {isa = PBXFileReference; lastKnownFileType = image.png; path = "Icon-76.png"; sourceTree = "<group>"; };
		5023811317EBBCAC00990C9B /* Info.plist */ = {isa = PBXFileReference; fileEncoding = 4; lastKnownFileType = text.plist.xml; path = Info.plist; sourceTree = "<group>"; };
		5023811417EBBCAC00990C9B /* main.m */ = {isa = PBXFileReference; fileEncoding = 4; lastKnownFileType = sourcecode.c.objc; path = main.m; sourceTree = "<group>"; };
		5023811517EBBCAC00990C9B /* Prefix.pch */ = {isa = PBXFileReference; fileEncoding = 4; lastKnownFileType = sourcecode.c.h; path = Prefix.pch; sourceTree = "<group>"; };
		5023811617EBBCAC00990C9B /* RootViewController.h */ = {isa = PBXFileReference; fileEncoding = 4; lastKnownFileType = sourcecode.c.h; path = RootViewController.h; sourceTree = "<group>"; };
		5023811717EBBCAC00990C9B /* RootViewController.mm */ = {isa = PBXFileReference; fileEncoding = 4; lastKnownFileType = sourcecode.cpp.objcpp; path = RootViewController.mm; sourceTree = "<group>"; };
		5023816B17EBBCE400990C9B /* HelloTuiLua Mac.app */ = {isa = PBXFileReference; explicitFileType = wrapper.application; includeInIndex = 0; path = "HelloTuiLua Mac.app"; sourceTree = BUILT_PRODUCTS_DIR; };
		5023817217EBBE3400990C9B /* Icon.icns */ = {isa = PBXFileReference; lastKnownFileType = image.icns; path = Icon.icns; sourceTree = "<group>"; };
		5023817317EBBE3400990C9B /* Info.plist */ = {isa = PBXFileReference; fileEncoding = 4; lastKnownFileType = text.plist.xml; path = Info.plist; sourceTree = "<group>"; };
		5023817517EBBE3400990C9B /* Prefix.pch */ = {isa = PBXFileReference; fileEncoding = 4; lastKnownFileType = sourcecode.c.h; path = Prefix.pch; sourceTree = "<group>"; };
		5023817917EBBE8300990C9B /* OpenGLES.framework */ = {isa = PBXFileReference; lastKnownFileType = wrapper.framework; name = OpenGLES.framework; path = Platforms/iPhoneOS.platform/Developer/SDKs/iPhoneOS7.0.sdk/System/Library/Frameworks/OpenGLES.framework; sourceTree = DEVELOPER_DIR; };
		50805AAE17EBBEAA004CFAD3 /* UIKit.framework */ = {isa = PBXFileReference; lastKnownFileType = wrapper.framework; name = UIKit.framework; path = Platforms/iPhoneOS.platform/Developer/SDKs/iPhoneOS7.0.sdk/System/Library/Frameworks/UIKit.framework; sourceTree = DEVELOPER_DIR; };
		5091733017ECE17A00D62437 /* Icon-29.png */ = {isa = PBXFileReference; lastKnownFileType = image.png; path = "Icon-29.png"; sourceTree = "<group>"; };
		5091733117ECE17A00D62437 /* Icon-40.png */ = {isa = PBXFileReference; lastKnownFileType = image.png; path = "Icon-40.png"; sourceTree = "<group>"; };
		5091733217ECE17A00D62437 /* Icon-50.png */ = {isa = PBXFileReference; lastKnownFileType = image.png; path = "Icon-50.png"; sourceTree = "<group>"; };
		5091733317ECE17A00D62437 /* Icon-58.png */ = {isa = PBXFileReference; lastKnownFileType = image.png; path = "Icon-58.png"; sourceTree = "<group>"; };
		5091733417ECE17A00D62437 /* Icon-80.png */ = {isa = PBXFileReference; lastKnownFileType = image.png; path = "Icon-80.png"; sourceTree = "<group>"; };
		5091733517ECE17A00D62437 /* Icon-100.png */ = {isa = PBXFileReference; lastKnownFileType = image.png; path = "Icon-100.png"; sourceTree = "<group>"; };
		50D7C96B17EBBEDF005D0B91 /* OpenGL.framework */ = {isa = PBXFileReference; lastKnownFileType = wrapper.framework; name = OpenGL.framework; path = System/Library/Frameworks/OpenGL.framework; sourceTree = SDKROOT; };
		50D7C96D17EBBEE6005D0B91 /* AppKit.framework */ = {isa = PBXFileReference; lastKnownFileType = wrapper.framework; name = AppKit.framework; path = System/Library/Frameworks/AppKit.framework; sourceTree = SDKROOT; };
		50D7C96F17EBBEEC005D0B91 /* IOKit.framework */ = {isa = PBXFileReference; lastKnownFileType = wrapper.framework; name = IOKit.framework; path = System/Library/Frameworks/IOKit.framework; sourceTree = SDKROOT; };
		C03781AE18BF654500FE4F13 /* cocos2d_lua_bindings.xcodeproj */ = {isa = PBXFileReference; lastKnownFileType = "wrapper.pb-project"; name = cocos2d_lua_bindings.xcodeproj; path = "../../cocos2d-x/cocos/scripting/lua-bindings/proj.ios_mac/cocos2d_lua_bindings.xcodeproj"; sourceTree = "<group>"; };
		C03781B718BF655400FE4F13 /* res */ = {isa = PBXFileReference; lastKnownFileType = folder; name = res; path = ../../../res; sourceTree = "<group>"; };
		C03781B818BF655400FE4F13 /* src */ = {isa = PBXFileReference; lastKnownFileType = folder; name = src; path = ../../../src; sourceTree = "<group>"; };
		C03781BD18BF656900FE4F13 /* AudioEngine.lua */ = {isa = PBXFileReference; fileEncoding = 4; lastKnownFileType = text; name = AudioEngine.lua; path = "../../cocos2d-x/cocos/scripting/lua-bindings/script/AudioEngine.lua"; sourceTree = "<group>"; };
		C03781BE18BF656900FE4F13 /* CCBReaderLoad.lua */ = {isa = PBXFileReference; fileEncoding = 4; lastKnownFileType = text; name = CCBReaderLoad.lua; path = "../../cocos2d-x/cocos/scripting/lua-bindings/script/CCBReaderLoad.lua"; sourceTree = "<group>"; };
		C03781BF18BF656900FE4F13 /* Cocos2d.lua */ = {isa = PBXFileReference; fileEncoding = 4; lastKnownFileType = text; name = Cocos2d.lua; path = "../../cocos2d-x/cocos/scripting/lua-bindings/script/Cocos2d.lua"; sourceTree = "<group>"; };
		C03781C018BF656900FE4F13 /* Cocos2dConstants.lua */ = {isa = PBXFileReference; fileEncoding = 4; lastKnownFileType = text; name = Cocos2dConstants.lua; path = "../../cocos2d-x/cocos/scripting/lua-bindings/script/Cocos2dConstants.lua"; sourceTree = "<group>"; };
		C03781C118BF656900FE4F13 /* CocoStudio.lua */ = {isa = PBXFileReference; fileEncoding = 4; lastKnownFileType = text; name = CocoStudio.lua; path = "../../cocos2d-x/cocos/scripting/lua-bindings/script/CocoStudio.lua"; sourceTree = "<group>"; };
		C03781C218BF656900FE4F13 /* Deprecated.lua */ = {isa = PBXFileReference; fileEncoding = 4; lastKnownFileType = text; name = Deprecated.lua; path = "../../cocos2d-x/cocos/scripting/lua-bindings/script/Deprecated.lua"; sourceTree = "<group>"; };
		C03781C318BF656900FE4F13 /* DeprecatedClass.lua */ = {isa = PBXFileReference; fileEncoding = 4; lastKnownFileType = text; name = DeprecatedClass.lua; path = "../../cocos2d-x/cocos/scripting/lua-bindings/script/DeprecatedClass.lua"; sourceTree = "<group>"; };
		C03781C418BF656A00FE4F13 /* DeprecatedEnum.lua */ = {isa = PBXFileReference; fileEncoding = 4; lastKnownFileType = text; name = DeprecatedEnum.lua; path = "../../cocos2d-x/cocos/scripting/lua-bindings/script/DeprecatedEnum.lua"; sourceTree = "<group>"; };
		C03781C518BF656A00FE4F13 /* DeprecatedOpenglEnum.lua */ = {isa = PBXFileReference; fileEncoding = 4; lastKnownFileType = text; name = DeprecatedOpenglEnum.lua; path = "../../cocos2d-x/cocos/scripting/lua-bindings/script/DeprecatedOpenglEnum.lua"; sourceTree = "<group>"; };
		C03781C618BF656A00FE4F13 /* DrawPrimitives.lua */ = {isa = PBXFileReference; fileEncoding = 4; lastKnownFileType = text; name = DrawPrimitives.lua; path = "../../cocos2d-x/cocos/scripting/lua-bindings/script/DrawPrimitives.lua"; sourceTree = "<group>"; };
		C03781C718BF656A00FE4F13 /* extern.lua */ = {isa = PBXFileReference; fileEncoding = 4; lastKnownFileType = text; name = extern.lua; path = "../../cocos2d-x/cocos/scripting/lua-bindings/script/extern.lua"; sourceTree = "<group>"; };
		C03781C818BF656A00FE4F13 /* GuiConstants.lua */ = {isa = PBXFileReference; fileEncoding = 4; lastKnownFileType = text; name = GuiConstants.lua; path = "../../cocos2d-x/cocos/scripting/lua-bindings/script/GuiConstants.lua"; sourceTree = "<group>"; };
		C03781C918BF656A00FE4F13 /* json.lua */ = {isa = PBXFileReference; fileEncoding = 4; lastKnownFileType = text; name = json.lua; path = "../../cocos2d-x/cocos/scripting/lua-bindings/script/json.lua"; sourceTree = "<group>"; };
		C03781CA18BF656A00FE4F13 /* luaj.lua */ = {isa = PBXFileReference; fileEncoding = 4; lastKnownFileType = text; name = luaj.lua; path = "../../cocos2d-x/cocos/scripting/lua-bindings/script/luaj.lua"; sourceTree = "<group>"; };
		C03781CB18BF656A00FE4F13 /* luaoc.lua */ = {isa = PBXFileReference; fileEncoding = 4; lastKnownFileType = text; name = luaoc.lua; path = "../../cocos2d-x/cocos/scripting/lua-bindings/script/luaoc.lua"; sourceTree = "<group>"; };
		C03781CC18BF656A00FE4F13 /* Opengl.lua */ = {isa = PBXFileReference; fileEncoding = 4; lastKnownFileType = text; name = Opengl.lua; path = "../../cocos2d-x/cocos/scripting/lua-bindings/script/Opengl.lua"; sourceTree = "<group>"; };
		C03781CD18BF656A00FE4F13 /* OpenglConstants.lua */ = {isa = PBXFileReference; fileEncoding = 4; lastKnownFileType = text; name = OpenglConstants.lua; path = "../../cocos2d-x/cocos/scripting/lua-bindings/script/OpenglConstants.lua"; sourceTree = "<group>"; };
		C03781CE18BF656A00FE4F13 /* StudioConstants.lua */ = {isa = PBXFileReference; fileEncoding = 4; lastKnownFileType = text; name = StudioConstants.lua; path = "../../cocos2d-x/cocos/scripting/lua-bindings/script/StudioConstants.lua"; sourceTree = "<group>"; };
		C06E23C318CEF9740093C81A /* main.cpp */ = {isa = PBXFileReference; fileEncoding = 4; lastKnownFileType = sourcecode.cpp.cpp; path = main.cpp; sourceTree = "<group>"; };
		D6B061341803AC000077942B /* CoreMotion.framework */ = {isa = PBXFileReference; lastKnownFileType = wrapper.framework; name = CoreMotion.framework; path = Platforms/iPhoneOS.platform/Developer/SDKs/iPhoneOS7.0.sdk/System/Library/Frameworks/CoreMotion.framework; sourceTree = DEVELOPER_DIR; };
		F293B3C815EB7BE500256477 /* HelloTuiLua iOS.app */ = {isa = PBXFileReference; explicitFileType = wrapper.application; includeInIndex = 0; path = "HelloTuiLua iOS.app"; sourceTree = BUILT_PRODUCTS_DIR; };
		F293B3CC15EB7BE500256477 /* QuartzCore.framework */ = {isa = PBXFileReference; lastKnownFileType = wrapper.framework; name = QuartzCore.framework; path = System/Library/Frameworks/QuartzCore.framework; sourceTree = SDKROOT; };
		F293B3CE15EB7BE500256477 /* OpenGLES.framework */ = {isa = PBXFileReference; lastKnownFileType = wrapper.framework; name = OpenGLES.framework; path = System/Library/Frameworks/OpenGLES.framework; sourceTree = SDKROOT; };
		F293B3D015EB7BE500256477 /* OpenAL.framework */ = {isa = PBXFileReference; lastKnownFileType = wrapper.framework; name = OpenAL.framework; path = System/Library/Frameworks/OpenAL.framework; sourceTree = SDKROOT; };
		F293B3D215EB7BE500256477 /* AudioToolbox.framework */ = {isa = PBXFileReference; lastKnownFileType = wrapper.framework; name = AudioToolbox.framework; path = System/Library/Frameworks/AudioToolbox.framework; sourceTree = SDKROOT; };
		F293B3D415EB7BE500256477 /* AVFoundation.framework */ = {isa = PBXFileReference; lastKnownFileType = wrapper.framework; name = AVFoundation.framework; path = System/Library/Frameworks/AVFoundation.framework; sourceTree = SDKROOT; };
		F293B3D615EB7BE500256477 /* UIKit.framework */ = {isa = PBXFileReference; lastKnownFileType = wrapper.framework; name = UIKit.framework; path = System/Library/Frameworks/UIKit.framework; sourceTree = SDKROOT; };
		F293B3D815EB7BE500256477 /* Foundation.framework */ = {isa = PBXFileReference; lastKnownFileType = wrapper.framework; name = Foundation.framework; path = System/Library/Frameworks/Foundation.framework; sourceTree = SDKROOT; };
		F293B3DA15EB7BE500256477 /* CoreGraphics.framework */ = {isa = PBXFileReference; lastKnownFileType = wrapper.framework; name = CoreGraphics.framework; path = System/Library/Frameworks/CoreGraphics.framework; sourceTree = SDKROOT; };
/* End PBXFileReference section */

/* Begin PBXFrameworksBuildPhase section */
		5023813617EBBCE400990C9B /* Frameworks */ = {
			isa = PBXFrameworksBuildPhase;
			buildActionMask = 2147483647;
			files = (
				C03781F518BF65A900FE4F13 /* libluabindings Mac.a in Frameworks */,
				15A8A4881834C90F00142BE0 /* libcurl.dylib in Frameworks */,
				15A8A4821834C73500142BE0 /* libchipmunk Mac.a in Frameworks */,
				15A8A4831834C73500142BE0 /* libcocos2dx Mac.a in Frameworks */,
				15A8A4841834C73500142BE0 /* libcocos2dx-extensions Mac.a in Frameworks */,
				15A8A4851834C73500142BE0 /* libCocosDenshion Mac.a in Frameworks */,
				50D7C97017EBBEEC005D0B91 /* IOKit.framework in Frameworks */,
				50D7C96E17EBBEE6005D0B91 /* AppKit.framework in Frameworks */,
				50D7C96C17EBBEDF005D0B91 /* OpenGL.framework in Frameworks */,
				5023813717EBBCE400990C9B /* libz.dylib in Frameworks */,
				5023813E17EBBCE400990C9B /* QuartzCore.framework in Frameworks */,
				5023814017EBBCE400990C9B /* OpenAL.framework in Frameworks */,
				5023814117EBBCE400990C9B /* AudioToolbox.framework in Frameworks */,
				5023814217EBBCE400990C9B /* AVFoundation.framework in Frameworks */,
				5023814417EBBCE400990C9B /* Foundation.framework in Frameworks */,
				5023814517EBBCE400990C9B /* CoreGraphics.framework in Frameworks */,
			);
			runOnlyForDeploymentPostprocessing = 0;
		};
		F293B3C515EB7BE500256477 /* Frameworks */ = {
			isa = PBXFrameworksBuildPhase;
			buildActionMask = 2147483647;
			files = (
				C03781F618BF65B100FE4F13 /* libluabindings iOS.a in Frameworks */,
				15A8A4441834C43700142BE0 /* libchipmunk iOS.a in Frameworks */,
				15A8A4451834C43700142BE0 /* libcocos2dx iOS.a in Frameworks */,
				15A8A4461834C43700142BE0 /* libcocos2dx-extensions iOS.a in Frameworks */,
				15A8A4471834C43700142BE0 /* libCocosDenshion iOS.a in Frameworks */,
				D6B061351803AC000077942B /* CoreMotion.framework in Frameworks */,
				1AF4C403178663F200122817 /* libz.dylib in Frameworks */,
				50805AAF17EBBEAA004CFAD3 /* UIKit.framework in Frameworks */,
				5023817A17EBBE8300990C9B /* OpenGLES.framework in Frameworks */,
				F293B3CD15EB7BE500256477 /* QuartzCore.framework in Frameworks */,
				F293B3D115EB7BE500256477 /* OpenAL.framework in Frameworks */,
				F293B3D315EB7BE500256477 /* AudioToolbox.framework in Frameworks */,
				F293B3D515EB7BE500256477 /* AVFoundation.framework in Frameworks */,
				F293B3D915EB7BE500256477 /* Foundation.framework in Frameworks */,
				F293B3DB15EB7BE500256477 /* CoreGraphics.framework in Frameworks */,
			);
			runOnlyForDeploymentPostprocessing = 0;
		};
/* End PBXFrameworksBuildPhase section */

/* Begin PBXGroup section */
		15A8A4041834BDA200142BE0 /* Products */ = {
			isa = PBXGroup;
			children = (
				15A8A4171834BDA200142BE0 /* libcocos2dx Mac.a */,
				15A8A4191834BDA200142BE0 /* libcocos2dx-extensions Mac.a */,
				15A8A41B1834BDA200142BE0 /* libchipmunk Mac.a */,
				15A8A41D1834BDA200142BE0 /* libbox2d Mac.a */,
				15A8A41F1834BDA200142BE0 /* libCocosDenshion Mac.a */,
				15A8A4251834BDA200142BE0 /* libcocos2dx iOS.a */,
				15A8A4271834BDA200142BE0 /* libcocos2dx-extensions iOS.a */,
				15A8A4291834BDA200142BE0 /* libchipmunk iOS.a */,
				15A8A42B1834BDA200142BE0 /* libbox2d iOS.a */,
				15A8A42D1834BDA200142BE0 /* libCocosDenshion iOS.a */,
			);
			name = Products;
			sourceTree = "<group>";
		};
		1A0227A417A3AA1A00B867AD /* Lua Common */ = {
			isa = PBXGroup;
			children = (
				C03781BD18BF656900FE4F13 /* AudioEngine.lua */,
				C03781BE18BF656900FE4F13 /* CCBReaderLoad.lua */,
				C03781BF18BF656900FE4F13 /* Cocos2d.lua */,
				C03781C018BF656900FE4F13 /* Cocos2dConstants.lua */,
				C03781C118BF656900FE4F13 /* CocoStudio.lua */,
				C03781C218BF656900FE4F13 /* Deprecated.lua */,
				C03781C318BF656900FE4F13 /* DeprecatedClass.lua */,
				C03781C418BF656A00FE4F13 /* DeprecatedEnum.lua */,
				C03781C518BF656A00FE4F13 /* DeprecatedOpenglEnum.lua */,
				C03781C618BF656A00FE4F13 /* DrawPrimitives.lua */,
				C03781C718BF656A00FE4F13 /* extern.lua */,
				C03781C818BF656A00FE4F13 /* GuiConstants.lua */,
				C03781C918BF656A00FE4F13 /* json.lua */,
				C03781CA18BF656A00FE4F13 /* luaj.lua */,
				C03781CB18BF656A00FE4F13 /* luaoc.lua */,
				C03781CC18BF656A00FE4F13 /* Opengl.lua */,
				C03781CD18BF656A00FE4F13 /* OpenglConstants.lua */,
				C03781CE18BF656A00FE4F13 /* StudioConstants.lua */,
			);
			name = "Lua Common";
			sourceTree = "<group>";
		};
		454DEDF21976CFC8004315EC /* Classes */ = {
			isa = PBXGroup;
			children = (
				454DEDF31976CFC8004315EC /* AppDelegate.cpp */,
				454DEDF41976CFC8004315EC /* AppDelegate.h */,
				454DEE0B1976D00E004315EC /* CocosWidget */,
				454DEDF51976CFC8004315EC /* tui */,
			);
			name = Classes;
			path = ../Classes;
			sourceTree = "<group>";
		};
		454DEDF51976CFC8004315EC /* tui */ = {
			isa = PBXGroup;
			children = (
				454DEDF61976CFC8004315EC /* lua_cocos2dx_tui_auto.cpp */,
				454DEDF71976CFC8004315EC /* lua_cocos2dx_tui_auto.hpp */,
				454DEDF81976CFC8004315EC /* TuiBase.cpp */,
				454DEDF91976CFC8004315EC /* TuiBase.h */,
				454DEDFA1976CFC8004315EC /* tuiconsts.h */,
				454DEDFB1976CFC8004315EC /* TuiMacros.h */,
				454DEDFC1976CFC8004315EC /* TuiManager.cpp */,
				454DEDFD1976CFC8004315EC /* TuiManager.h */,
				454DEDFE1976CFC8004315EC /* utils */,
			);
			path = tui;
			sourceTree = "<group>";
		};
		454DEDFE1976CFC8004315EC /* utils */ = {
			isa = PBXGroup;
			children = (
				454DEDFF1976CFC8004315EC /* AnimationUtil.cpp */,
				454DEE001976CFC8004315EC /* AnimationUtil.h */,
			);
			path = utils;
			sourceTree = "<group>";
		};
		454DEE0B1976D00E004315EC /* CocosWidget */ = {
			isa = PBXGroup;
			children = (
				454DEE0C1976D00E004315EC /* ArmatureBtn.cpp */,
				454DEE0D1976D00E004315EC /* ArmatureBtn.h */,
				454DEE0E1976D00E004315EC /* Button.cpp */,
				454DEE0F1976D00E004315EC /* Button.h */,
				454DEE101976D00E004315EC /* CheckBox.cpp */,
				454DEE111976D00E004315EC /* CheckBox.h */,
				454DEE121976D00E004315EC /* CircleMenu.cpp */,
				454DEE131976D00E004315EC /* CircleMenu.h */,
				454DEE141976D00E004315EC /* cocos-widget.h */,
				454DEE151976D00E004315EC /* ColorView.cpp */,
				454DEE161976D00E004315EC /* ColorView.h */,
				454DEE171976D00E004315EC /* ControlView.cpp */,
				454DEE181976D00E004315EC /* ControlView.h */,
				454DEE191976D00E004315EC /* Ease.h */,
				454DEE1A1976D00E004315EC /* ExpandableListView.cpp */,
				454DEE1B1976D00E004315EC /* ExpandableListView.h */,
				454DEE1C1976D00E004315EC /* GradientView.cpp */,
				454DEE1D1976D00E004315EC /* GradientView.h */,
				454DEE1E1976D00E004315EC /* GridPageView.cpp */,
				454DEE1F1976D00E004315EC /* GridPageView.h */,
				454DEE201976D00E004315EC /* GridView.cpp */,
				454DEE211976D00E004315EC /* GridView.h */,
				454DEE221976D00E004315EC /* ImageView.cpp */,
				454DEE231976D00E004315EC /* ImageView.h */,
				454DEE241976D00E004315EC /* ImageViewScale9.cpp */,
				454DEE251976D00E004315EC /* ImageViewScale9.h */,
				454DEE261976D00E004315EC /* Label.cpp */,
				454DEE271976D00E004315EC /* Label.h */,
				454DEE281976D00E004315EC /* LabelAtlas.cpp */,
				454DEE291976D00E004315EC /* LabelAtlas.h */,
				454DEE2A1976D00E004315EC /* LabelBMFont.cpp */,
				454DEE2B1976D00E004315EC /* LabelBMFont.h */,
				454DEE2C1976D00E004315EC /* Layout.cpp */,
				454DEE2D1976D00E004315EC /* Layout.h */,
				454DEE2E1976D00E004315EC /* ListView.cpp */,
				454DEE2F1976D00E004315EC /* ListView.h */,
				454DEE301976D00E004315EC /* lua_cocos2dx_cocoswidget_auto.cpp */,
				454DEE311976D00E004315EC /* lua_cocos2dx_cocoswidget_auto.hpp */,
				454DEE321976D00E004315EC /* MovieView.cpp */,
				454DEE331976D00E004315EC /* MovieView.h */,
				454DEE341976D00E004315EC /* NumericStepper.cpp */,
				454DEE351976D00E004315EC /* NumericStepper.h */,
				454DEE361976D00E004315EC /* PageView.cpp */,
				454DEE371976D00E004315EC /* PageView.h */,
				454DEE381976D00E004315EC /* ProgressBar.cpp */,
				454DEE391976D00E004315EC /* ProgressBar.h */,
				454DEE3A1976D00E004315EC /* Scale9Sprite.cpp */,
				454DEE3B1976D00E004315EC /* Scale9Sprite.h */,
				454DEE3C1976D00E004315EC /* ScrollView.cpp */,
				454DEE3D1976D00E004315EC /* ScrollView.h */,
				454DEE3E1976D00E004315EC /* Slider.cpp */,
				454DEE3F1976D00E004315EC /* Slider.h */,
				454DEE401976D00E004315EC /* TableView.cpp */,
				454DEE411976D00E004315EC /* TableView.h */,
				454DEE421976D00E004315EC /* TextRich.cpp */,
				454DEE431976D00E004315EC /* TextRich.h */,
				454DEE441976D00E004315EC /* ToggleView.cpp */,
				454DEE451976D00E004315EC /* ToggleView.h */,
				454DEE461976D00E004315EC /* Widget.cpp */,
				454DEE471976D00E004315EC /* Widget.h */,
				454DEE481976D00E004315EC /* WidgetMacros.h */,
				454DEE491976D00E004315EC /* WidgetProtocol.cpp */,
				454DEE4A1976D00E004315EC /* WidgetProtocol.h */,
				454DEE4B1976D00E004315EC /* WidgetWindow.cpp */,
				454DEE4C1976D00E004315EC /* WidgetWindow.h */,
				454DEE4D1976D00E004315EC /* WitlsMacros.cpp */,
				454DEE4E1976D00E004315EC /* WitlsMacros.h */,
			);
			name = CocosWidget;
			path = ../../../../CocosWidget;
			sourceTree = "<group>";
		};
		5023810617EBBCAC00990C9B /* ios */ = {
			isa = PBXGroup;
			children = (
				5023810717EBBCAC00990C9B /* AppController.h */,
				5023810817EBBCAC00990C9B /* AppController.mm */,
				5023810917EBBCAC00990C9B /* Default-568h@2x.png */,
				5023810A17EBBCAC00990C9B /* Default.png */,
				5023810B17EBBCAC00990C9B /* Default@2x.png */,
				5091734A17ECE18300D62437 /* Icons */,
				5023811317EBBCAC00990C9B /* Info.plist */,
				5023811417EBBCAC00990C9B /* main.m */,
				5023811517EBBCAC00990C9B /* Prefix.pch */,
				5023811617EBBCAC00990C9B /* RootViewController.h */,
				5023811717EBBCAC00990C9B /* RootViewController.mm */,
			);
			path = ios;
			sourceTree = "<group>";
		};
		5023817117EBBE3400990C9B /* mac */ = {
			isa = PBXGroup;
			children = (
				C06E23C318CEF9740093C81A /* main.cpp */,
				5023817217EBBE3400990C9B /* Icon.icns */,
				5023817317EBBE3400990C9B /* Info.plist */,
				5023817517EBBE3400990C9B /* Prefix.pch */,
			);
			path = mac;
			sourceTree = "<group>";
		};
		5091734A17ECE18300D62437 /* Icons */ = {
			isa = PBXGroup;
			children = (
				5091733017ECE17A00D62437 /* Icon-29.png */,
				5091733117ECE17A00D62437 /* Icon-40.png */,
				5091733217ECE17A00D62437 /* Icon-50.png */,
				5091733317ECE17A00D62437 /* Icon-58.png */,
				5091733417ECE17A00D62437 /* Icon-80.png */,
				5091733517ECE17A00D62437 /* Icon-100.png */,
				5023810C17EBBCAC00990C9B /* Icon-114.png */,
				5023810D17EBBCAC00990C9B /* Icon-120.png */,
				5023810E17EBBCAC00990C9B /* Icon-144.png */,
				5023810F17EBBCAC00990C9B /* Icon-152.png */,
				5023811017EBBCAC00990C9B /* Icon-57.png */,
				5023811117EBBCAC00990C9B /* Icon-72.png */,
				5023811217EBBCAC00990C9B /* Icon-76.png */,
			);
			name = Icons;
			sourceTree = "<group>";
		};
		C03781AF18BF654500FE4F13 /* Products */ = {
			isa = PBXGroup;
			children = (
				C03781B418BF654500FE4F13 /* libluabindings Mac.a */,
				C03781B618BF654500FE4F13 /* libluabindings iOS.a */,
			);
			name = Products;
			sourceTree = "<group>";
		};
		F293B3BD15EB7BE500256477 = {
			isa = PBXGroup;
			children = (
				C03781AE18BF654500FE4F13 /* cocos2d_lua_bindings.xcodeproj */,
				15A8A4031834BDA200142BE0 /* cocos2d_libs.xcodeproj */,
				454DEDF21976CFC8004315EC /* Classes */,
				5023810617EBBCAC00990C9B /* ios */,
				5023817117EBBE3400990C9B /* mac */,
				F293B3CB15EB7BE500256477 /* Frameworks */,
				1A0227A417A3AA1A00B867AD /* Lua Common */,
				F293B3C915EB7BE500256477 /* Products */,
				F293BC4615EB859D00256477 /* Resources */,
			);
			sourceTree = "<group>";
		};
		F293B3C915EB7BE500256477 /* Products */ = {
			isa = PBXGroup;
			children = (
				F293B3C815EB7BE500256477 /* HelloTuiLua iOS.app */,
				5023816B17EBBCE400990C9B /* HelloTuiLua Mac.app */,
			);
			name = Products;
			sourceTree = "<group>";
		};
		F293B3CB15EB7BE500256477 /* Frameworks */ = {
			isa = PBXGroup;
			children = (
				15A8A4871834C90E00142BE0 /* libcurl.dylib */,
				D6B061341803AC000077942B /* CoreMotion.framework */,
				50D7C96F17EBBEEC005D0B91 /* IOKit.framework */,
				50D7C96D17EBBEE6005D0B91 /* AppKit.framework */,
				50D7C96B17EBBEDF005D0B91 /* OpenGL.framework */,
				50805AAE17EBBEAA004CFAD3 /* UIKit.framework */,
				5023817917EBBE8300990C9B /* OpenGLES.framework */,
				1AF4C402178663F200122817 /* libz.dylib */,
				15C1568D1683131500D239F2 /* libcurl.a */,
				F293B3CC15EB7BE500256477 /* QuartzCore.framework */,
				F293B3CE15EB7BE500256477 /* OpenGLES.framework */,
				F293B3D015EB7BE500256477 /* OpenAL.framework */,
				F293B3D215EB7BE500256477 /* AudioToolbox.framework */,
				F293B3D415EB7BE500256477 /* AVFoundation.framework */,
				F293B3D615EB7BE500256477 /* UIKit.framework */,
				F293B3D815EB7BE500256477 /* Foundation.framework */,
				F293B3DA15EB7BE500256477 /* CoreGraphics.framework */,
			);
			name = Frameworks;
			sourceTree = "<group>";
		};
		F293BC4615EB859D00256477 /* Resources */ = {
			isa = PBXGroup;
			children = (
				C03781B718BF655400FE4F13 /* res */,
				C03781B818BF655400FE4F13 /* src */,
			);
			name = Resources;
			path = ../Resources;
			sourceTree = "<group>";
		};
/* End PBXGroup section */

/* Begin PBXNativeTarget section */
		5023812617EBBCE400990C9B /* HelloTuiLua Mac */ = {
			isa = PBXNativeTarget;
			buildConfigurationList = 5023816817EBBCE400990C9B /* Build configuration list for PBXNativeTarget "HelloTuiLua Mac" */;
			buildPhases = (
				5023813117EBBCE400990C9B /* Sources */,
				5023813617EBBCE400990C9B /* Frameworks */,
				5023814617EBBCE400990C9B /* Resources */,
			);
			buildRules = (
			);
			dependencies = (
				C03781F418BF659D00FE4F13 /* PBXTargetDependency */,
				C0A2F04118975FF80072A7AB /* PBXTargetDependency */,
				C0A2F03D18975FEB0072A7AB /* PBXTargetDependency */,
				C0A2F03B18975FE20072A7AB /* PBXTargetDependency */,
				C0A2F03918975FDA0072A7AB /* PBXTargetDependency */,
				C0A2F02718975FD30072A7AB /* PBXTargetDependency */,
			);
			name = "HelloTuiLua Mac";
			productName = HelloLua;
			productReference = 5023816B17EBBCE400990C9B /* HelloTuiLua Mac.app */;
			productType = "com.apple.product-type.application";
		};
		F293B3C715EB7BE500256477 /* HelloTuiLua iOS */ = {
			isa = PBXNativeTarget;
			buildConfigurationList = F293B6C415EB7BEA00256477 /* Build configuration list for PBXNativeTarget "HelloTuiLua iOS" */;
			buildPhases = (
				F293B3C415EB7BE500256477 /* Sources */,
				F293B3C515EB7BE500256477 /* Frameworks */,
				F293B3C615EB7BE500256477 /* Resources */,
			);
			buildRules = (
			);
			dependencies = (
				C03781F818BF65B500FE4F13 /* PBXTargetDependency */,
				C0A2F0431897600E0072A7AB /* PBXTargetDependency */,
				C0A2F0451897600E0072A7AB /* PBXTargetDependency */,
				C0A2F0471897600E0072A7AB /* PBXTargetDependency */,
				C0A2F0491897600E0072A7AB /* PBXTargetDependency */,
				C0A2F04B1897600E0072A7AB /* PBXTargetDependency */,
			);
			name = "HelloTuiLua iOS";
			productName = HelloLua;
			productReference = F293B3C815EB7BE500256477 /* HelloTuiLua iOS.app */;
			productType = "com.apple.product-type.application";
		};
/* End PBXNativeTarget section */

/* Begin PBXProject section */
		F293B3BF15EB7BE500256477 /* Project object */ = {
			isa = PBXProject;
			attributes = {
				LastUpgradeCheck = 0500;
				TargetAttributes = {
					F293B3C715EB7BE500256477 = {
						DevelopmentTeam = MDDB52YB8L;
					};
				};
			};
			buildConfigurationList = F293B3C215EB7BE500256477 /* Build configuration list for PBXProject "HelloTuiLua" */;
			compatibilityVersion = "Xcode 3.2";
			developmentRegion = English;
			hasScannedForEncodings = 0;
			knownRegions = (
				en,
			);
			mainGroup = F293B3BD15EB7BE500256477;
			productRefGroup = F293B3C915EB7BE500256477 /* Products */;
			projectDirPath = "";
			projectReferences = (
				{
					ProductGroup = 15A8A4041834BDA200142BE0 /* Products */;
					ProjectRef = 15A8A4031834BDA200142BE0 /* cocos2d_libs.xcodeproj */;
				},
				{
					ProductGroup = C03781AF18BF654500FE4F13 /* Products */;
					ProjectRef = C03781AE18BF654500FE4F13 /* cocos2d_lua_bindings.xcodeproj */;
				},
			);
			projectRoot = "";
			targets = (
				F293B3C715EB7BE500256477 /* HelloTuiLua iOS */,
				5023812617EBBCE400990C9B /* HelloTuiLua Mac */,
			);
		};
/* End PBXProject section */

/* Begin PBXReferenceProxy section */
		15A8A4171834BDA200142BE0 /* libcocos2dx Mac.a */ = {
			isa = PBXReferenceProxy;
			fileType = archive.ar;
			path = "libcocos2dx Mac.a";
			remoteRef = 15A8A4161834BDA200142BE0 /* PBXContainerItemProxy */;
			sourceTree = BUILT_PRODUCTS_DIR;
		};
		15A8A4191834BDA200142BE0 /* libcocos2dx-extensions Mac.a */ = {
			isa = PBXReferenceProxy;
			fileType = archive.ar;
			path = "libcocos2dx-extensions Mac.a";
			remoteRef = 15A8A4181834BDA200142BE0 /* PBXContainerItemProxy */;
			sourceTree = BUILT_PRODUCTS_DIR;
		};
		15A8A41B1834BDA200142BE0 /* libchipmunk Mac.a */ = {
			isa = PBXReferenceProxy;
			fileType = archive.ar;
			path = "libchipmunk Mac.a";
			remoteRef = 15A8A41A1834BDA200142BE0 /* PBXContainerItemProxy */;
			sourceTree = BUILT_PRODUCTS_DIR;
		};
		15A8A41D1834BDA200142BE0 /* libbox2d Mac.a */ = {
			isa = PBXReferenceProxy;
			fileType = archive.ar;
			path = "libbox2d Mac.a";
			remoteRef = 15A8A41C1834BDA200142BE0 /* PBXContainerItemProxy */;
			sourceTree = BUILT_PRODUCTS_DIR;
		};
		15A8A41F1834BDA200142BE0 /* libCocosDenshion Mac.a */ = {
			isa = PBXReferenceProxy;
			fileType = archive.ar;
			path = "libCocosDenshion Mac.a";
			remoteRef = 15A8A41E1834BDA200142BE0 /* PBXContainerItemProxy */;
			sourceTree = BUILT_PRODUCTS_DIR;
		};
		15A8A4251834BDA200142BE0 /* libcocos2dx iOS.a */ = {
			isa = PBXReferenceProxy;
			fileType = archive.ar;
			path = "libcocos2dx iOS.a";
			remoteRef = 15A8A4241834BDA200142BE0 /* PBXContainerItemProxy */;
			sourceTree = BUILT_PRODUCTS_DIR;
		};
		15A8A4271834BDA200142BE0 /* libcocos2dx-extensions iOS.a */ = {
			isa = PBXReferenceProxy;
			fileType = archive.ar;
			path = "libcocos2dx-extensions iOS.a";
			remoteRef = 15A8A4261834BDA200142BE0 /* PBXContainerItemProxy */;
			sourceTree = BUILT_PRODUCTS_DIR;
		};
		15A8A4291834BDA200142BE0 /* libchipmunk iOS.a */ = {
			isa = PBXReferenceProxy;
			fileType = archive.ar;
			path = "libchipmunk iOS.a";
			remoteRef = 15A8A4281834BDA200142BE0 /* PBXContainerItemProxy */;
			sourceTree = BUILT_PRODUCTS_DIR;
		};
		15A8A42B1834BDA200142BE0 /* libbox2d iOS.a */ = {
			isa = PBXReferenceProxy;
			fileType = archive.ar;
			path = "libbox2d iOS.a";
			remoteRef = 15A8A42A1834BDA200142BE0 /* PBXContainerItemProxy */;
			sourceTree = BUILT_PRODUCTS_DIR;
		};
		15A8A42D1834BDA200142BE0 /* libCocosDenshion iOS.a */ = {
			isa = PBXReferenceProxy;
			fileType = archive.ar;
			path = "libCocosDenshion iOS.a";
			remoteRef = 15A8A42C1834BDA200142BE0 /* PBXContainerItemProxy */;
			sourceTree = BUILT_PRODUCTS_DIR;
		};
		C03781B418BF654500FE4F13 /* libluabindings Mac.a */ = {
			isa = PBXReferenceProxy;
			fileType = archive.ar;
			path = "libluabindings Mac.a";
			remoteRef = C03781B318BF654500FE4F13 /* PBXContainerItemProxy */;
			sourceTree = BUILT_PRODUCTS_DIR;
		};
		C03781B618BF654500FE4F13 /* libluabindings iOS.a */ = {
			isa = PBXReferenceProxy;
			fileType = archive.ar;
			path = "libluabindings iOS.a";
			remoteRef = C03781B518BF654500FE4F13 /* PBXContainerItemProxy */;
			sourceTree = BUILT_PRODUCTS_DIR;
		};
/* End PBXReferenceProxy section */

/* Begin PBXResourcesBuildPhase section */
		5023814617EBBCE400990C9B /* Resources */ = {
			isa = PBXResourcesBuildPhase;
			buildActionMask = 2147483647;
			files = (
				C03781EE18BF656A00FE4F13 /* Opengl.lua in Resources */,
				C03781F018BF656A00FE4F13 /* OpenglConstants.lua in Resources */,
				C03781E418BF656A00FE4F13 /* extern.lua in Resources */,
				C03781E618BF656A00FE4F13 /* GuiConstants.lua in Resources */,
				C03781D418BF656A00FE4F13 /* Cocos2d.lua in Resources */,
				C03781BA18BF655400FE4F13 /* res in Resources */,
				C03781BC18BF655400FE4F13 /* src in Resources */,
				C03781E218BF656A00FE4F13 /* DrawPrimitives.lua in Resources */,
				C03781DA18BF656A00FE4F13 /* Deprecated.lua in Resources */,
				C03781E018BF656A00FE4F13 /* DeprecatedOpenglEnum.lua in Resources */,
				C03781EC18BF656A00FE4F13 /* luaoc.lua in Resources */,
				5023817617EBBE3400990C9B /* Icon.icns in Resources */,
				C03781D218BF656A00FE4F13 /* CCBReaderLoad.lua in Resources */,
				C03781D018BF656A00FE4F13 /* AudioEngine.lua in Resources */,
				C03781D818BF656A00FE4F13 /* CocoStudio.lua in Resources */,
				C03781DC18BF656A00FE4F13 /* DeprecatedClass.lua in Resources */,
				C03781F218BF656A00FE4F13 /* StudioConstants.lua in Resources */,
				C03781EA18BF656A00FE4F13 /* luaj.lua in Resources */,
				C03781DE18BF656A00FE4F13 /* DeprecatedEnum.lua in Resources */,
				C03781E818BF656A00FE4F13 /* json.lua in Resources */,
				C03781D618BF656A00FE4F13 /* Cocos2dConstants.lua in Resources */,
			);
			runOnlyForDeploymentPostprocessing = 0;
		};
		F293B3C615EB7BE500256477 /* Resources */ = {
			isa = PBXResourcesBuildPhase;
			buildActionMask = 2147483647;
			files = (
				15A8A4491834C64F00142BE0 /* Icon-114.png in Resources */,
				C03781DB18BF656A00FE4F13 /* DeprecatedClass.lua in Resources */,
				5023811D17EBBCAC00990C9B /* Icon-120.png in Resources */,
				5091733B17ECE17A00D62437 /* Icon-100.png in Resources */,
				C03781E918BF656A00FE4F13 /* luaj.lua in Resources */,
				5023811B17EBBCAC00990C9B /* Default@2x.png in Resources */,
				5091733617ECE17A00D62437 /* Icon-29.png in Resources */,
				C03781E718BF656A00FE4F13 /* json.lua in Resources */,
				5023811917EBBCAC00990C9B /* Default-568h@2x.png in Resources */,
				C03781D318BF656A00FE4F13 /* Cocos2d.lua in Resources */,
				5091733917ECE17A00D62437 /* Icon-58.png in Resources */,
				C03781ED18BF656A00FE4F13 /* Opengl.lua in Resources */,
				C03781F118BF656A00FE4F13 /* StudioConstants.lua in Resources */,
				5023811F17EBBCAC00990C9B /* Icon-152.png in Resources */,
				C03781D118BF656A00FE4F13 /* CCBReaderLoad.lua in Resources */,
				5023812017EBBCAC00990C9B /* Icon-57.png in Resources */,
				C03781CF18BF656A00FE4F13 /* AudioEngine.lua in Resources */,
				C03781B918BF655400FE4F13 /* res in Resources */,
				C03781EF18BF656A00FE4F13 /* OpenglConstants.lua in Resources */,
				C03781E518BF656A00FE4F13 /* GuiConstants.lua in Resources */,
				5023812217EBBCAC00990C9B /* Icon-76.png in Resources */,
				C03781DF18BF656A00FE4F13 /* DeprecatedOpenglEnum.lua in Resources */,
				5091733A17ECE17A00D62437 /* Icon-80.png in Resources */,
				5091733717ECE17A00D62437 /* Icon-40.png in Resources */,
				5023811E17EBBCAC00990C9B /* Icon-144.png in Resources */,
				5023811A17EBBCAC00990C9B /* Default.png in Resources */,
				C03781E118BF656A00FE4F13 /* DrawPrimitives.lua in Resources */,
				C03781BB18BF655400FE4F13 /* src in Resources */,
				C03781EB18BF656A00FE4F13 /* luaoc.lua in Resources */,
				5091733817ECE17A00D62437 /* Icon-50.png in Resources */,
				C03781D718BF656A00FE4F13 /* CocoStudio.lua in Resources */,
				C03781D518BF656A00FE4F13 /* Cocos2dConstants.lua in Resources */,
				5023812117EBBCAC00990C9B /* Icon-72.png in Resources */,
				C03781DD18BF656A00FE4F13 /* DeprecatedEnum.lua in Resources */,
				C03781E318BF656A00FE4F13 /* extern.lua in Resources */,
				C03781D918BF656A00FE4F13 /* Deprecated.lua in Resources */,
			);
			runOnlyForDeploymentPostprocessing = 0;
		};
/* End PBXResourcesBuildPhase section */

/* Begin PBXSourcesBuildPhase section */
		5023813117EBBCE400990C9B /* Sources */ = {
			isa = PBXSourcesBuildPhase;
			buildActionMask = 2147483647;
			files = (
				454DEE7C1976D00E004315EC /* Scale9Sprite.cpp in Sources */,
				454DEE821976D00E004315EC /* TableView.cpp in Sources */,
				454DEE8E1976D00E004315EC /* WitlsMacros.cpp in Sources */,
				454DEE501976D00E004315EC /* ArmatureBtn.cpp in Sources */,
				454DEE041976CFC8004315EC /* lua_cocos2dx_tui_auto.cpp in Sources */,
				454DEE561976D00E004315EC /* CircleMenu.cpp in Sources */,
				454DEE6E1976D00E004315EC /* Layout.cpp in Sources */,
				454DEE6C1976D00E004315EC /* LabelBMFont.cpp in Sources */,
				454DEE5C1976D00E004315EC /* ExpandableListView.cpp in Sources */,
				454DEE7E1976D00E004315EC /* ScrollView.cpp in Sources */,
				454DEE061976CFC8004315EC /* TuiBase.cpp in Sources */,
				454DEE5A1976D00E004315EC /* ControlView.cpp in Sources */,
				454DEE581976D00E004315EC /* ColorView.cpp in Sources */,
				454DEE761976D00E004315EC /* NumericStepper.cpp in Sources */,
				454DEE661976D00E004315EC /* ImageViewScale9.cpp in Sources */,
				454DEE081976CFC8004315EC /* TuiManager.cpp in Sources */,
				454DEE641976D00E004315EC /* ImageView.cpp in Sources */,
				454DEE701976D00E004315EC /* ListView.cpp in Sources */,
				454DEE8A1976D00E004315EC /* WidgetProtocol.cpp in Sources */,
				454DEE021976CFC8004315EC /* AppDelegate.cpp in Sources */,
				454DEE721976D00E004315EC /* lua_cocos2dx_cocoswidget_auto.cpp in Sources */,
				454DEE841976D00E004315EC /* TextRich.cpp in Sources */,
				454DEE741976D00E004315EC /* MovieView.cpp in Sources */,
				454DEE541976D00E004315EC /* CheckBox.cpp in Sources */,
				454DEE681976D00E004315EC /* Label.cpp in Sources */,
				454DEE0A1976CFC8004315EC /* AnimationUtil.cpp in Sources */,
				454DEE861976D00E004315EC /* ToggleView.cpp in Sources */,
				C06E23C418CEF9740093C81A /* main.cpp in Sources */,
				454DEE881976D00E004315EC /* Widget.cpp in Sources */,
				454DEE801976D00E004315EC /* Slider.cpp in Sources */,
				454DEE5E1976D00E004315EC /* GradientView.cpp in Sources */,
				454DEE6A1976D00E004315EC /* LabelAtlas.cpp in Sources */,
				454DEE8C1976D00E004315EC /* WidgetWindow.cpp in Sources */,
				454DEE601976D00E004315EC /* GridPageView.cpp in Sources */,
				454DEE621976D00E004315EC /* GridView.cpp in Sources */,
				454DEE521976D00E004315EC /* Button.cpp in Sources */,
				454DEE7A1976D00E004315EC /* ProgressBar.cpp in Sources */,
				454DEE781976D00E004315EC /* PageView.cpp in Sources */,
			);
			runOnlyForDeploymentPostprocessing = 0;
		};
		F293B3C415EB7BE500256477 /* Sources */ = {
			isa = PBXSourcesBuildPhase;
			buildActionMask = 2147483647;
			files = (
				454DEE571976D00E004315EC /* ColorView.cpp in Sources */,
				454DEE091976CFC8004315EC /* AnimationUtil.cpp in Sources */,
				454DEE5B1976D00E004315EC /* ExpandableListView.cpp in Sources */,
				454DEE811976D00E004315EC /* TableView.cpp in Sources */,
				454DEE591976D00E004315EC /* ControlView.cpp in Sources */,
				454DEE7F1976D00E004315EC /* Slider.cpp in Sources */,
				454DEE831976D00E004315EC /* TextRich.cpp in Sources */,
				454DEE4F1976D00E004315EC /* ArmatureBtn.cpp in Sources */,
				454DEE8D1976D00E004315EC /* WitlsMacros.cpp in Sources */,
				454DEE771976D00E004315EC /* PageView.cpp in Sources */,
				454DEE551976D00E004315EC /* CircleMenu.cpp in Sources */,
				454DEE711976D00E004315EC /* lua_cocos2dx_cocoswidget_auto.cpp in Sources */,
				454DEE891976D00E004315EC /* WidgetProtocol.cpp in Sources */,
				454DEE791976D00E004315EC /* ProgressBar.cpp in Sources */,
				454DEE851976D00E004315EC /* ToggleView.cpp in Sources */,
				454DEE7D1976D00E004315EC /* ScrollView.cpp in Sources */,
				454DEE691976D00E004315EC /* LabelAtlas.cpp in Sources */,
				454DEE671976D00E004315EC /* Label.cpp in Sources */,
				454DEE011976CFC8004315EC /* AppDelegate.cpp in Sources */,
				454DEE6D1976D00E004315EC /* Layout.cpp in Sources */,
				454DEE051976CFC8004315EC /* TuiBase.cpp in Sources */,
				5023812517EBBCAC00990C9B /* RootViewController.mm in Sources */,
				454DEE751976D00E004315EC /* NumericStepper.cpp in Sources */,
				454DEE511976D00E004315EC /* Button.cpp in Sources */,
				454DEE7B1976D00E004315EC /* Scale9Sprite.cpp in Sources */,
				454DEE5D1976D00E004315EC /* GradientView.cpp in Sources */,
				454DEE731976D00E004315EC /* MovieView.cpp in Sources */,
				454DEE071976CFC8004315EC /* TuiManager.cpp in Sources */,
				5023812417EBBCAC00990C9B /* main.m in Sources */,
				454DEE871976D00E004315EC /* Widget.cpp in Sources */,
				454DEE031976CFC8004315EC /* lua_cocos2dx_tui_auto.cpp in Sources */,
				454DEE631976D00E004315EC /* ImageView.cpp in Sources */,
				454DEE651976D00E004315EC /* ImageViewScale9.cpp in Sources */,
				454DEE531976D00E004315EC /* CheckBox.cpp in Sources */,
				5023811817EBBCAC00990C9B /* AppController.mm in Sources */,
				454DEE6B1976D00E004315EC /* LabelBMFont.cpp in Sources */,
				454DEE8B1976D00E004315EC /* WidgetWindow.cpp in Sources */,
				454DEE6F1976D00E004315EC /* ListView.cpp in Sources */,
				454DEE611976D00E004315EC /* GridView.cpp in Sources */,
				454DEE5F1976D00E004315EC /* GridPageView.cpp in Sources */,
			);
			runOnlyForDeploymentPostprocessing = 0;
		};
/* End PBXSourcesBuildPhase section */

/* Begin PBXTargetDependency section */
		C03781F418BF659D00FE4F13 /* PBXTargetDependency */ = {
			isa = PBXTargetDependency;
			name = "luabindings Mac";
			targetProxy = C03781F318BF659D00FE4F13 /* PBXContainerItemProxy */;
		};
		C03781F818BF65B500FE4F13 /* PBXTargetDependency */ = {
			isa = PBXTargetDependency;
			name = "luabindings iOS";
			targetProxy = C03781F718BF65B500FE4F13 /* PBXContainerItemProxy */;
		};
		C0A2F02718975FD30072A7AB /* PBXTargetDependency */ = {
			isa = PBXTargetDependency;
			name = "chipmunk Mac";
			targetProxy = C0A2F02618975FD30072A7AB /* PBXContainerItemProxy */;
		};
		C0A2F03918975FDA0072A7AB /* PBXTargetDependency */ = {
			isa = PBXTargetDependency;
			name = "box2d Mac";
			targetProxy = C0A2F03818975FDA0072A7AB /* PBXContainerItemProxy */;
		};
		C0A2F03B18975FE20072A7AB /* PBXTargetDependency */ = {
			isa = PBXTargetDependency;
			name = "cocos2dx-extensions Mac";
			targetProxy = C0A2F03A18975FE20072A7AB /* PBXContainerItemProxy */;
		};
		C0A2F03D18975FEB0072A7AB /* PBXTargetDependency */ = {
			isa = PBXTargetDependency;
			name = "CocosDenshion Mac";
			targetProxy = C0A2F03C18975FEB0072A7AB /* PBXContainerItemProxy */;
		};
		C0A2F04118975FF80072A7AB /* PBXTargetDependency */ = {
			isa = PBXTargetDependency;
			name = "cocos2dx Mac";
			targetProxy = C0A2F04018975FF80072A7AB /* PBXContainerItemProxy */;
		};
		C0A2F0431897600E0072A7AB /* PBXTargetDependency */ = {
			isa = PBXTargetDependency;
			name = "cocos2dx iOS";
			targetProxy = C0A2F0421897600E0072A7AB /* PBXContainerItemProxy */;
		};
		C0A2F0451897600E0072A7AB /* PBXTargetDependency */ = {
			isa = PBXTargetDependency;
			name = "cocos2dx-extensions iOS";
			targetProxy = C0A2F0441897600E0072A7AB /* PBXContainerItemProxy */;
		};
		C0A2F0471897600E0072A7AB /* PBXTargetDependency */ = {
			isa = PBXTargetDependency;
			name = "chipmunk iOS";
			targetProxy = C0A2F0461897600E0072A7AB /* PBXContainerItemProxy */;
		};
		C0A2F0491897600E0072A7AB /* PBXTargetDependency */ = {
			isa = PBXTargetDependency;
			name = "box2d iOS";
			targetProxy = C0A2F0481897600E0072A7AB /* PBXContainerItemProxy */;
		};
		C0A2F04B1897600E0072A7AB /* PBXTargetDependency */ = {
			isa = PBXTargetDependency;
			name = "CocosDenshion iOS";
			targetProxy = C0A2F04A1897600E0072A7AB /* PBXContainerItemProxy */;
		};
/* End PBXTargetDependency section */

/* Begin XCBuildConfiguration section */
		5023816917EBBCE400990C9B /* Debug */ = {
			isa = XCBuildConfiguration;
			buildSettings = {
				ALWAYS_SEARCH_USER_PATHS = YES;
				ARCHS = "$(ARCHS_STANDARD_64_BIT)";
				COMBINE_HIDPI_IMAGES = YES;
				GCC_DYNAMIC_NO_PIC = NO;
				GCC_PRECOMPILE_PREFIX_HEADER = YES;
				GCC_PREFIX_HEADER = mac/Prefix.pch;
				GCC_PREPROCESSOR_DEFINITIONS = (
					GLFW_EXPOSE_NATIVE_COCOA,
					GLFW_EXPOSE_NATIVE_NSGL,
					CC_TARGET_OS_MAC,
					"$(inherited)",
				);
				HEADER_SEARCH_PATHS = "";
				INFOPLIST_FILE = mac/Info.plist;
				LIBRARY_SEARCH_PATHS = "";
				OTHER_LDFLAGS = (
					"-image_base",
					100000000,
					"-pagezero_size",
					10000,
				);
				PRODUCT_NAME = "HelloTuiLua Mac";
				SDKROOT = macosx;
				USER_HEADER_SEARCH_PATHS = "$(inherited) $(SRCROOT)/../../cocos2d-x/cocos/2d/platform/mac $(SRCROOT)/../../cocos2d-x/external/glfw3/include/mac $(SRCROOT)/../../cocos2d-x/cocos/platform/mac $(SRCROOT)/../Classes";
			};
			name = Debug;
		};
		5023816A17EBBCE400990C9B /* Release */ = {
			isa = XCBuildConfiguration;
			buildSettings = {
				ALWAYS_SEARCH_USER_PATHS = YES;
				ARCHS = "$(ARCHS_STANDARD_64_BIT)";
				COMBINE_HIDPI_IMAGES = YES;
				GCC_PRECOMPILE_PREFIX_HEADER = YES;
				GCC_PREFIX_HEADER = mac/Prefix.pch;
				GCC_PREPROCESSOR_DEFINITIONS = (
					CC_TARGET_OS_MAC,
					"$(inherited)",
				);
				HEADER_SEARCH_PATHS = "";
				INFOPLIST_FILE = mac/Info.plist;
				LIBRARY_SEARCH_PATHS = "";
				OTHER_LDFLAGS = (
					"-image_base",
					100000000,
					"-pagezero_size",
					10000,
				);
				PRODUCT_NAME = "HelloTuiLua Mac";
				SDKROOT = macosx;
				USER_HEADER_SEARCH_PATHS = "$(inherited) $(SRCROOT)/../../cocos2d-x/cocos/2d/platform/mac $(SRCROOT)/../../cocos2d-x/external/glfw3/include/mac $(SRCROOT)/../../cocos2d-x/cocos/platform/mac $(SRCROOT)/../Classes";
			};
			name = Release;
		};
		F293B6C215EB7BEA00256477 /* Debug */ = {
			isa = XCBuildConfiguration;
			buildSettings = {
				CLANG_CXX_LANGUAGE_STANDARD = "c++0x";
				CLANG_CXX_LIBRARY = "libc++";
				COPY_PHASE_STRIP = NO;
				GCC_C_LANGUAGE_STANDARD = c99;
				GCC_OPTIMIZATION_LEVEL = 0;
				GCC_PREPROCESSOR_DEFINITIONS = (
					DEBUG,
					"COCOS2D_DEBUG=1",
					USE_FILE32API,
					"CC_LUA_ENGINE_ENABLED=1",
					"CC_ENABLE_CHIPMUNK_INTEGRATION=1",
					GLFW_EXPOSE_NATIVE_COCOA,
				);
				GCC_SYMBOLS_PRIVATE_EXTERN = NO;
				GCC_WARN_ABOUT_RETURN_TYPE = YES;
				GCC_WARN_UNUSED_VARIABLE = YES;
				HEADER_SEARCH_PATHS = "";
				ONLY_ACTIVE_ARCH = YES;
				PRODUCT_NAME = "$(TARGET_NAME)";
				USER_HEADER_SEARCH_PATHS = "$(SRCROOT)/../../cocos2d-x $(SRCROOT)/../../cocos2d-x/cocos $(SRCROOT)/../../cocos2d-x/cocos/base $(SRCROOT)/../../cocos2d-x/cocos/physics $(SRCROOT)/../../cocos2d-x/cocos/math/kazmath $(SRCROOT)/../../cocos2d-x/cocos/2d $(SRCROOT)/../../cocos2d-x/cocos/ui $(SRCROOT)/../../cocos2d-x/cocos/network $(SRCROOT)/../../cocos2d-x/cocos/audio/include $(SRCROOT)/../../cocos2d-x/cocos/editor-support $(SRCROOT)/../../cocos2d-x/extensions $(SRCROOT)/../../cocos2d-x/external $(SRCROOT)/../../cocos2d-x/external/chipmunk/include/chipmunk $(SRCROOT)/../../cocos2d-x/external/lua/luajit/include $(SRCROOT)/../../cocos2d-x/external/lua/tolua $(SRCROOT)/../../cocos2d-x/cocos/scripting/lua-bindings/manual $(SRCROOT)/../../cocos2d-x/cocos/scripting/lua-bindings/auto";
			};
			name = Debug;
		};
		F293B6C315EB7BEA00256477 /* Release */ = {
			isa = XCBuildConfiguration;
			buildSettings = {
				CLANG_CXX_LANGUAGE_STANDARD = "c++0x";
				CLANG_CXX_LIBRARY = "libc++";
				GCC_C_LANGUAGE_STANDARD = c99;
				GCC_PREPROCESSOR_DEFINITIONS = (
					NDEBUG,
					USE_FILE32API,
					"CC_LUA_ENGINE_ENABLED=1",
					"CC_ENABLE_CHIPMUNK_INTEGRATION=1",
				);
				GCC_WARN_ABOUT_RETURN_TYPE = YES;
				GCC_WARN_UNUSED_VARIABLE = YES;
				HEADER_SEARCH_PATHS = "";
				OTHER_CFLAGS = "-DNS_BLOCK_ASSERTIONS=1";
				PRODUCT_NAME = "$(TARGET_NAME)";
				USER_HEADER_SEARCH_PATHS = "$(SRCROOT)/../../cocos2d-x $(SRCROOT)/../../cocos2d-x/cocos $(SRCROOT)/../../cocos2d-x/cocos/base $(SRCROOT)/../../cocos2d-x/cocos/physics $(SRCROOT)/../../cocos2d-x/cocos/math/kazmath $(SRCROOT)/../../cocos2d-x/cocos/2d $(SRCROOT)/../../cocos2d-x/cocos/ui $(SRCROOT)/../../cocos2d-x/cocos/network $(SRCROOT)/../../cocos2d-x/cocos/audio/include $(SRCROOT)/../../cocos2d-x/cocos/editor-support $(SRCROOT)/../../cocos2d-x/extensions $(SRCROOT)/../../cocos2d-x/external $(SRCROOT)/../../cocos2d-x/external/chipmunk/include/chipmunk $(SRCROOT)/../../cocos2d-x/external/lua/luajit/include $(SRCROOT)/../../cocos2d-x/external/lua/tolua $(SRCROOT)/../../cocos2d-x/cocos/scripting/lua-bindings/manual $(SRCROOT)/../../cocos2d-x/cocos/scripting/lua-bindings/auto";
				VALIDATE_PRODUCT = YES;
			};
			name = Release;
		};
		F293B6C515EB7BEA00256477 /* Debug */ = {
			isa = XCBuildConfiguration;
			buildSettings = {
				ALWAYS_SEARCH_USER_PATHS = YES;
				CODE_SIGN_IDENTITY = "iPhone Developer";
				COMPRESS_PNG_FILES = NO;
				GCC_DYNAMIC_NO_PIC = NO;
				GCC_PRECOMPILE_PREFIX_HEADER = YES;
				GCC_PREFIX_HEADER = ios/Prefix.pch;
				GCC_PREPROCESSOR_DEFINITIONS = (
					CC_TARGET_OS_IPHONE,
					"$(inherited)",
				);
				HEADER_SEARCH_PATHS = "";
				INFOPLIST_FILE = ios/Info.plist;
				IPHONEOS_DEPLOYMENT_TARGET = 5.0;
				LIBRARY_SEARCH_PATHS = "";
				PRODUCT_NAME = "HelloTuiLua iOS";
				SDKROOT = iphoneos;
				TARGETED_DEVICE_FAMILY = "1,2";
				USER_HEADER_SEARCH_PATHS = "$(inherited) $(SRCROOT)/../../cocos2d-x/cocos/platform/ios $(SRCROOT)/../../cocos2d-x/cocos/2d/platform/ios $(SRCROOT)/../Classes";
			};
			name = Debug;
		};
		F293B6C615EB7BEA00256477 /* Release */ = {
			isa = XCBuildConfiguration;
			buildSettings = {
				ALWAYS_SEARCH_USER_PATHS = YES;
				CODE_SIGN_IDENTITY = "iPhone Developer";
				COMPRESS_PNG_FILES = NO;
				GCC_PRECOMPILE_PREFIX_HEADER = YES;
				GCC_PREFIX_HEADER = ios/Prefix.pch;
				GCC_PREPROCESSOR_DEFINITIONS = (
					CC_TARGET_OS_IPHONE,
					"$(inherited)",
				);
				HEADER_SEARCH_PATHS = "";
				INFOPLIST_FILE = ios/Info.plist;
				IPHONEOS_DEPLOYMENT_TARGET = 5.0;
				LIBRARY_SEARCH_PATHS = "";
				PRODUCT_NAME = "HelloTuiLua iOS";
				SDKROOT = iphoneos;
				TARGETED_DEVICE_FAMILY = "1,2";
				USER_HEADER_SEARCH_PATHS = "$(inherited) $(SRCROOT)/../../cocos2d-x/cocos/platform/ios $(SRCROOT)/../../cocos2d-x/cocos/2d/platform/ios $(SRCROOT)/../Classes";
			};
			name = Release;
		};
/* End XCBuildConfiguration section */

/* Begin XCConfigurationList section */
		5023816817EBBCE400990C9B /* Build configuration list for PBXNativeTarget "HelloTuiLua Mac" */ = {
			isa = XCConfigurationList;
			buildConfigurations = (
				5023816917EBBCE400990C9B /* Debug */,
				5023816A17EBBCE400990C9B /* Release */,
			);
			defaultConfigurationIsVisible = 0;
			defaultConfigurationName = Release;
		};
		F293B3C215EB7BE500256477 /* Build configuration list for PBXProject "HelloTuiLua" */ = {
			isa = XCConfigurationList;
			buildConfigurations = (
				F293B6C215EB7BEA00256477 /* Debug */,
				F293B6C315EB7BEA00256477 /* Release */,
			);
			defaultConfigurationIsVisible = 0;
			defaultConfigurationName = Release;
		};
		F293B6C415EB7BEA00256477 /* Build configuration list for PBXNativeTarget "HelloTuiLua iOS" */ = {
			isa = XCConfigurationList;
			buildConfigurations = (
				F293B6C515EB7BEA00256477 /* Debug */,
				F293B6C615EB7BEA00256477 /* Release */,
			);
			defaultConfigurationIsVisible = 0;
			defaultConfigurationName = Release;
		};
/* End XCConfigurationList section */
	};
	rootObject = F293B3BF15EB7BE500256477 /* Project object */;
}
